// !$*UTF8*$!
{
	archiveVersion = 1;
	classes = {
	};
	objectVersion = 46;
	objects = {

/* Begin PBXBuildFile section */
		0FC1CEC08DD9AD0411CF533F /* libPods-LoveLove.a in Frameworks */ = {isa = PBXBuildFile; fileRef = 8987CABA59A6ECAC4129B6C8 /* libPods-LoveLove.a */; };
		F30059031DEDD22A00DD5F35 /* liu1.jpg in Resources */ = {isa = PBXBuildFile; fileRef = F30058C71DEDD22A00DD5F35 /* liu1.jpg */; };
		F30059041DEDD22A00DD5F35 /* liu10.jpg in Resources */ = {isa = PBXBuildFile; fileRef = F30058C81DEDD22A00DD5F35 /* liu10.jpg */; };
		F30059051DEDD22A00DD5F35 /* liu11.jpg in Resources */ = {isa = PBXBuildFile; fileRef = F30058C91DEDD22A00DD5F35 /* liu11.jpg */; };
		F30059061DEDD22A00DD5F35 /* liu12.jpg in Resources */ = {isa = PBXBuildFile; fileRef = F30058CA1DEDD22A00DD5F35 /* liu12.jpg */; };
		F30059071DEDD22A00DD5F35 /* liu13.jpg in Resources */ = {isa = PBXBuildFile; fileRef = F30058CB1DEDD22A00DD5F35 /* liu13.jpg */; };
		F30059081DEDD22A00DD5F35 /* liu14.jpg in Resources */ = {isa = PBXBuildFile; fileRef = F30058CC1DEDD22A00DD5F35 /* liu14.jpg */; };
		F30059091DEDD22A00DD5F35 /* liu15.jpg in Resources */ = {isa = PBXBuildFile; fileRef = F30058CD1DEDD22A00DD5F35 /* liu15.jpg */; };
		F300590A1DEDD22A00DD5F35 /* liu16.jpg in Resources */ = {isa = PBXBuildFile; fileRef = F30058CE1DEDD22A00DD5F35 /* liu16.jpg */; };
		F300590B1DEDD22A00DD5F35 /* liu17.jpg in Resources */ = {isa = PBXBuildFile; fileRef = F30058CF1DEDD22A00DD5F35 /* liu17.jpg */; };
		F300590C1DEDD22A00DD5F35 /* liu18.jpg in Resources */ = {isa = PBXBuildFile; fileRef = F30058D01DEDD22A00DD5F35 /* liu18.jpg */; };
		F300590D1DEDD22A00DD5F35 /* liu19.jpg in Resources */ = {isa = PBXBuildFile; fileRef = F30058D11DEDD22A00DD5F35 /* liu19.jpg */; };
		F300590E1DEDD22A00DD5F35 /* liu2.jpg in Resources */ = {isa = PBXBuildFile; fileRef = F30058D21DEDD22A00DD5F35 /* liu2.jpg */; };
		F300590F1DEDD22A00DD5F35 /* liu20.jpg in Resources */ = {isa = PBXBuildFile; fileRef = F30058D31DEDD22A00DD5F35 /* liu20.jpg */; };
		F30059101DEDD22A00DD5F35 /* liu21.jpg in Resources */ = {isa = PBXBuildFile; fileRef = F30058D41DEDD22A00DD5F35 /* liu21.jpg */; };
		F30059111DEDD22A00DD5F35 /* liu22.jpg in Resources */ = {isa = PBXBuildFile; fileRef = F30058D51DEDD22A00DD5F35 /* liu22.jpg */; };
		F30059121DEDD22A00DD5F35 /* liu23.jpg in Resources */ = {isa = PBXBuildFile; fileRef = F30058D61DEDD22A00DD5F35 /* liu23.jpg */; };
		F30059131DEDD22A00DD5F35 /* liu24.jpg in Resources */ = {isa = PBXBuildFile; fileRef = F30058D71DEDD22A00DD5F35 /* liu24.jpg */; };
		F30059141DEDD22A00DD5F35 /* liu25.jpg in Resources */ = {isa = PBXBuildFile; fileRef = F30058D81DEDD22A00DD5F35 /* liu25.jpg */; };
		F30059151DEDD22A00DD5F35 /* liu26.jpg in Resources */ = {isa = PBXBuildFile; fileRef = F30058D91DEDD22A00DD5F35 /* liu26.jpg */; };
		F30059161DEDD22B00DD5F35 /* liu27.jpg in Resources */ = {isa = PBXBuildFile; fileRef = F30058DA1DEDD22A00DD5F35 /* liu27.jpg */; };
		F30059171DEDD22B00DD5F35 /* liu28.jpg in Resources */ = {isa = PBXBuildFile; fileRef = F30058DB1DEDD22A00DD5F35 /* liu28.jpg */; };
		F30059181DEDD22B00DD5F35 /* liu29.jpg in Resources */ = {isa = PBXBuildFile; fileRef = F30058DC1DEDD22A00DD5F35 /* liu29.jpg */; };
		F30059191DEDD22B00DD5F35 /* liu3.jpg in Resources */ = {isa = PBXBuildFile; fileRef = F30058DD1DEDD22A00DD5F35 /* liu3.jpg */; };
		F300591A1DEDD22B00DD5F35 /* liu30.jpg in Resources */ = {isa = PBXBuildFile; fileRef = F30058DE1DEDD22A00DD5F35 /* liu30.jpg */; };
		F300591B1DEDD22B00DD5F35 /* liu31.jpg in Resources */ = {isa = PBXBuildFile; fileRef = F30058DF1DEDD22A00DD5F35 /* liu31.jpg */; };
		F300591C1DEDD22B00DD5F35 /* liu32.jpg in Resources */ = {isa = PBXBuildFile; fileRef = F30058E01DEDD22A00DD5F35 /* liu32.jpg */; };
		F300591D1DEDD22B00DD5F35 /* liu33.jpg in Resources */ = {isa = PBXBuildFile; fileRef = F30058E11DEDD22A00DD5F35 /* liu33.jpg */; };
		F300591E1DEDD22B00DD5F35 /* liu34.jpg in Resources */ = {isa = PBXBuildFile; fileRef = F30058E21DEDD22A00DD5F35 /* liu34.jpg */; };
		F300591F1DEDD22B00DD5F35 /* liu35.jpg in Resources */ = {isa = PBXBuildFile; fileRef = F30058E31DEDD22A00DD5F35 /* liu35.jpg */; };
		F30059201DEDD22B00DD5F35 /* liu36.jpg in Resources */ = {isa = PBXBuildFile; fileRef = F30058E41DEDD22A00DD5F35 /* liu36.jpg */; };
		F30059211DEDD22B00DD5F35 /* liu37.jpg in Resources */ = {isa = PBXBuildFile; fileRef = F30058E51DEDD22A00DD5F35 /* liu37.jpg */; };
		F30059221DEDD22B00DD5F35 /* liu38.jpg in Resources */ = {isa = PBXBuildFile; fileRef = F30058E61DEDD22A00DD5F35 /* liu38.jpg */; };
		F30059231DEDD22B00DD5F35 /* liu39.jpg in Resources */ = {isa = PBXBuildFile; fileRef = F30058E71DEDD22A00DD5F35 /* liu39.jpg */; };
		F30059241DEDD22B00DD5F35 /* liu4.jpg in Resources */ = {isa = PBXBuildFile; fileRef = F30058E81DEDD22A00DD5F35 /* liu4.jpg */; };
		F30059251DEDD22B00DD5F35 /* liu5.jpg in Resources */ = {isa = PBXBuildFile; fileRef = F30058E91DEDD22A00DD5F35 /* liu5.jpg */; };
		F30059261DEDD22B00DD5F35 /* liu6.jpg in Resources */ = {isa = PBXBuildFile; fileRef = F30058EA1DEDD22A00DD5F35 /* liu6.jpg */; };
		F30059271DEDD22B00DD5F35 /* liu7.jpg in Resources */ = {isa = PBXBuildFile; fileRef = F30058EB1DEDD22A00DD5F35 /* liu7.jpg */; };
		F30059281DEDD22B00DD5F35 /* liu8.jpg in Resources */ = {isa = PBXBuildFile; fileRef = F30058EC1DEDD22A00DD5F35 /* liu8.jpg */; };
		F30059291DEDD22B00DD5F35 /* liu9.jpg in Resources */ = {isa = PBXBuildFile; fileRef = F30058ED1DEDD22A00DD5F35 /* liu9.jpg */; };
		F300592A1DEDD22B00DD5F35 /* xiamo1.jpg in Resources */ = {isa = PBXBuildFile; fileRef = F30058EF1DEDD22A00DD5F35 /* xiamo1.jpg */; };
		F300592B1DEDD22B00DD5F35 /* xiamo10.jpg in Resources */ = {isa = PBXBuildFile; fileRef = F30058F01DEDD22A00DD5F35 /* xiamo10.jpg */; };
		F300592C1DEDD22B00DD5F35 /* xiamo11.jpg in Resources */ = {isa = PBXBuildFile; fileRef = F30058F11DEDD22A00DD5F35 /* xiamo11.jpg */; };
		F300592D1DEDD22B00DD5F35 /* xiamo12.jpg in Resources */ = {isa = PBXBuildFile; fileRef = F30058F21DEDD22A00DD5F35 /* xiamo12.jpg */; };
		F300592E1DEDD22B00DD5F35 /* xiamo13.jpg in Resources */ = {isa = PBXBuildFile; fileRef = F30058F31DEDD22A00DD5F35 /* xiamo13.jpg */; };
		F300592F1DEDD22B00DD5F35 /* xiamo14.jpg in Resources */ = {isa = PBXBuildFile; fileRef = F30058F41DEDD22A00DD5F35 /* xiamo14.jpg */; };
		F30059301DEDD22B00DD5F35 /* xiamo15.jpg in Resources */ = {isa = PBXBuildFile; fileRef = F30058F51DEDD22A00DD5F35 /* xiamo15.jpg */; };
		F30059311DEDD22B00DD5F35 /* xiamo16.jpg in Resources */ = {isa = PBXBuildFile; fileRef = F30058F61DEDD22A00DD5F35 /* xiamo16.jpg */; };
		F30059321DEDD22B00DD5F35 /* xiamo17.jpg in Resources */ = {isa = PBXBuildFile; fileRef = F30058F71DEDD22A00DD5F35 /* xiamo17.jpg */; };
		F30059331DEDD22B00DD5F35 /* xiamo18.jpg in Resources */ = {isa = PBXBuildFile; fileRef = F30058F81DEDD22A00DD5F35 /* xiamo18.jpg */; };
		F30059341DEDD22B00DD5F35 /* xiamo19.jpg in Resources */ = {isa = PBXBuildFile; fileRef = F30058F91DEDD22A00DD5F35 /* xiamo19.jpg */; };
		F30059351DEDD22B00DD5F35 /* xiamo2.jpg in Resources */ = {isa = PBXBuildFile; fileRef = F30058FA1DEDD22A00DD5F35 /* xiamo2.jpg */; };
		F30059361DEDD22B00DD5F35 /* xiamo20.jpg in Resources */ = {isa = PBXBuildFile; fileRef = F30058FB1DEDD22A00DD5F35 /* xiamo20.jpg */; };
		F30059371DEDD22B00DD5F35 /* xiamo3.jpg in Resources */ = {isa = PBXBuildFile; fileRef = F30058FC1DEDD22A00DD5F35 /* xiamo3.jpg */; };
		F30059381DEDD22B00DD5F35 /* xiamo4.jpg in Resources */ = {isa = PBXBuildFile; fileRef = F30058FD1DEDD22A00DD5F35 /* xiamo4.jpg */; };
		F30059391DEDD22B00DD5F35 /* xiamo5.jpg in Resources */ = {isa = PBXBuildFile; fileRef = F30058FE1DEDD22A00DD5F35 /* xiamo5.jpg */; };
		F300593A1DEDD22B00DD5F35 /* xiamo6.jpg in Resources */ = {isa = PBXBuildFile; fileRef = F30058FF1DEDD22A00DD5F35 /* xiamo6.jpg */; };
		F300593B1DEDD22B00DD5F35 /* xiamo7.jpg in Resources */ = {isa = PBXBuildFile; fileRef = F30059001DEDD22A00DD5F35 /* xiamo7.jpg */; };
		F300593C1DEDD22B00DD5F35 /* xiamo8.jpg in Resources */ = {isa = PBXBuildFile; fileRef = F30059011DEDD22A00DD5F35 /* xiamo8.jpg */; };
		F300593D1DEDD22B00DD5F35 /* xiamo9.jpg in Resources */ = {isa = PBXBuildFile; fileRef = F30059021DEDD22A00DD5F35 /* xiamo9.jpg */; };
		F35A6E651DEBBD380040D81D /* AlbumCollectionViewCell.m in Sources */ = {isa = PBXBuildFile; fileRef = F35A6E601DEBBD380040D81D /* AlbumCollectionViewCell.m */; };
		F35A6E661DEBBD380040D81D /* AlbumCollectionViewLineLayout.m in Sources */ = {isa = PBXBuildFile; fileRef = F35A6E621DEBBD380040D81D /* AlbumCollectionViewLineLayout.m */; };
		F35A6E671DEBBD380040D81D /* PhotoAlbumViewController.m in Sources */ = {isa = PBXBuildFile; fileRef = F35A6E641DEBBD380040D81D /* PhotoAlbumViewController.m */; };
		F35A6E871DEBD2240040D81D /* NSObject+Property.m in Sources */ = {isa = PBXBuildFile; fileRef = F35A6E861DEBD2240040D81D /* NSObject+Property.m */; };
		F35A6EA31DEC2A350040D81D /* HomeHeaderView.m in Sources */ = {isa = PBXBuildFile; fileRef = F35A6EA21DEC2A350040D81D /* HomeHeaderView.m */; };
		F35FE5291DE9156500766944 /* QMNavigateCollectionViewCell.m in Sources */ = {isa = PBXBuildFile; fileRef = F35FE5271DE9156500766944 /* QMNavigateCollectionViewCell.m */; };
		F35FE52A1DE9156500766944 /* QMNavigateCollectionViewCell.xib in Resources */ = {isa = PBXBuildFile; fileRef = F35FE5281DE9156500766944 /* QMNavigateCollectionViewCell.xib */; };
		F35FE52D1DE91A3000766944 /* ComBaseTableViewController.m in Sources */ = {isa = PBXBuildFile; fileRef = F35FE52C1DE91A3000766944 /* ComBaseTableViewController.m */; };
		F35FE5361DE91ABF00766944 /* sr_refresh.png in Resources */ = {isa = PBXBuildFile; fileRef = F35FE52F1DE91ABF00766944 /* sr_refresh.png */; };
		F35FE5371DE91ABF00766944 /* sr_refresh@2X.png in Resources */ = {isa = PBXBuildFile; fileRef = F35FE5301DE91ABF00766944 /* sr_refresh@2X.png */; };
		F35FE5381DE91ABF00766944 /* SRRefreshView.m in Sources */ = {isa = PBXBuildFile; fileRef = F35FE5331DE91ABF00766944 /* SRRefreshView.m */; };
		F35FE5391DE91ABF00766944 /* SRSlimeView.m in Sources */ = {isa = PBXBuildFile; fileRef = F35FE5351DE91ABF00766944 /* SRSlimeView.m */; };
		F35FE53C1DE91B5300766944 /* NSObject+PerformBlockAfterDelay.m in Sources */ = {isa = PBXBuildFile; fileRef = F35FE53B1DE91B5300766944 /* NSObject+PerformBlockAfterDelay.m */; };
		F35FE5421DE91BF700766944 /* QMUtil.m in Sources */ = {isa = PBXBuildFile; fileRef = F35FE5411DE91BF700766944 /* QMUtil.m */; };
		F35FE5451DE91CB300766944 /* MemeoryTimeTableViewController.m in Sources */ = {isa = PBXBuildFile; fileRef = F35FE5441DE91CB300766944 /* MemeoryTimeTableViewController.m */; };
		F35FE54B1DE91D3500766944 /* UIView+UIViewFrame.m in Sources */ = {isa = PBXBuildFile; fileRef = F35FE54A1DE91D3500766944 /* UIView+UIViewFrame.m */; };
		F35FE54E1DE91D7100766944 /* MemoryTimeModel.m in Sources */ = {isa = PBXBuildFile; fileRef = F35FE54D1DE91D7100766944 /* MemoryTimeModel.m */; };
		F35FE5521DE91F8D00766944 /* MBProgressHUD+QM.m in Sources */ = {isa = PBXBuildFile; fileRef = F35FE5501DE91F8D00766944 /* MBProgressHUD+QM.m */; };
		F35FE55C1DE92C6000766944 /* WaterList1.plist in Resources */ = {isa = PBXBuildFile; fileRef = F35FE5541DE92C6000766944 /* WaterList1.plist */; };
		F35FE55D1DE92C6000766944 /* HomeWaterImage.m in Sources */ = {isa = PBXBuildFile; fileRef = F35FE5561DE92C6000766944 /* HomeWaterImage.m */; };
		F35FE55E1DE92C6100766944 /* WaterCollectionViewCell.m in Sources */ = {isa = PBXBuildFile; fileRef = F35FE5581DE92C6000766944 /* WaterCollectionViewCell.m */; };
		F35FE55F1DE92C6100766944 /* WaterCollectionViewCell.xib in Resources */ = {isa = PBXBuildFile; fileRef = F35FE5591DE92C6000766944 /* WaterCollectionViewCell.xib */; };
		F35FE5601DE92C6100766944 /* WaterfallLayout.m in Sources */ = {isa = PBXBuildFile; fileRef = F35FE55B1DE92C6000766944 /* WaterfallLayout.m */; };
		F35FE5631DE92CB800766944 /* WaterLayoutViewController.m in Sources */ = {isa = PBXBuildFile; fileRef = F35FE5621DE92CB800766944 /* WaterLayoutViewController.m */; };
		F35FE56C1DE95E6600766944 /* ToViewTopButton.m in Sources */ = {isa = PBXBuildFile; fileRef = F35FE56B1DE95E6600766944 /* ToViewTopButton.m */; };
		F35FE5701DE9717E00766944 /* WaterList2.plist in Resources */ = {isa = PBXBuildFile; fileRef = F35FE56F1DE9717E00766944 /* WaterList2.plist */; };
		F35FE59D1DE9895800766944 /* ComWebViewController.m in Sources */ = {isa = PBXBuildFile; fileRef = F35FE59C1DE9895800766944 /* ComWebViewController.m */; };
		F35FE5A01DE989AB00766944 /* WebDetailsViewController.m in Sources */ = {isa = PBXBuildFile; fileRef = F35FE59F1DE989AB00766944 /* WebDetailsViewController.m */; };
		F37E077E1DE85F0D00845118 /* UIAlertController+Blocks.m in Sources */ = {isa = PBXBuildFile; fileRef = F37E077D1DE85F0D00845118 /* UIAlertController+Blocks.m */; };
		F37E07911DE8673E00845118 /* TAAbstractDotView.m in Sources */ = {isa = PBXBuildFile; fileRef = F37E07841DE8673E00845118 /* TAAbstractDotView.m */; };
		F37E07921DE8673E00845118 /* TAAnimatedDotView.m in Sources */ = {isa = PBXBuildFile; fileRef = F37E07861DE8673E00845118 /* TAAnimatedDotView.m */; };
		F37E07931DE8673E00845118 /* TADotView.m in Sources */ = {isa = PBXBuildFile; fileRef = F37E07881DE8673E00845118 /* TADotView.m */; };
		F37E07941DE8673E00845118 /* TAPageControl.m in Sources */ = {isa = PBXBuildFile; fileRef = F37E078A1DE8673E00845118 /* TAPageControl.m */; };
		F37E07951DE8673E00845118 /* SDCollectionViewCell.m in Sources */ = {isa = PBXBuildFile; fileRef = F37E078C1DE8673E00845118 /* SDCollectionViewCell.m */; };
		F37E07961DE8673E00845118 /* SDCycleScrollView.m in Sources */ = {isa = PBXBuildFile; fileRef = F37E078E1DE8673E00845118 /* SDCycleScrollView.m */; };
		F37E07971DE8673E00845118 /* UIView+SDExtension.m in Sources */ = {isa = PBXBuildFile; fileRef = F37E07901DE8673E00845118 /* UIView+SDExtension.m */; };
		F38485C21DEE6476009C174E /* ComNavigationController.m in Sources */ = {isa = PBXBuildFile; fileRef = F38485BF1DEE6476009C174E /* ComNavigationController.m */; };
		F38485C31DEE6476009C174E /* ComTabBarController.m in Sources */ = {isa = PBXBuildFile; fileRef = F38485C11DEE6476009C174E /* ComTabBarController.m */; };
		F38485C61DEE6DA9009C174E /* TouchWindow.m in Sources */ = {isa = PBXBuildFile; fileRef = F38485C51DEE6DA9009C174E /* TouchWindow.m */; };
		F38485C91DEE6E0E009C174E /* ViewController.m in Sources */ = {isa = PBXBuildFile; fileRef = F38485C81DEE6E0E009C174E /* ViewController.m */; };
		F38D7DA21DEAC63A0066EA92 /* FXBlurView.m in Sources */ = {isa = PBXBuildFile; fileRef = F38D7DA11DEAC63A0066EA92 /* FXBlurView.m */; };
		F39265F31DE7D3B50064B8B2 /* main.m in Sources */ = {isa = PBXBuildFile; fileRef = F39265F21DE7D3B50064B8B2 /* main.m */; };
		F39265F61DE7D3B50064B8B2 /* AppDelegate.m in Sources */ = {isa = PBXBuildFile; fileRef = F39265F51DE7D3B50064B8B2 /* AppDelegate.m */; };
		F39265FC1DE7D3B50064B8B2 /* Main.storyboard in Resources */ = {isa = PBXBuildFile; fileRef = F39265FA1DE7D3B50064B8B2 /* Main.storyboard */; };
		F39265FE1DE7D3B50064B8B2 /* Assets.xcassets in Resources */ = {isa = PBXBuildFile; fileRef = F39265FD1DE7D3B50064B8B2 /* Assets.xcassets */; };
		F39266011DE7D3B50064B8B2 /* LaunchScreen.storyboard in Resources */ = {isa = PBXBuildFile; fileRef = F39265FF1DE7D3B50064B8B2 /* LaunchScreen.storyboard */; };
		F39266521DE7E8A70064B8B2 /* UIColor+HexStringToColor.m in Sources */ = {isa = PBXBuildFile; fileRef = F392663C1DE7E8A70064B8B2 /* UIColor+HexStringToColor.m */; };
		F39266551DE7E8A70064B8B2 /* ComBaseViewController.m in Sources */ = {isa = PBXBuildFile; fileRef = F39266451DE7E8A70064B8B2 /* ComBaseViewController.m */; };
		F39266581DE7E8A70064B8B2 /* CenterViewController.m in Sources */ = {isa = PBXBuildFile; fileRef = F392664C1DE7E8A70064B8B2 /* CenterViewController.m */; };
		F39266591DE7E8A70064B8B2 /* HomeViewController.m in Sources */ = {isa = PBXBuildFile; fileRef = F392664F1DE7E8A70064B8B2 /* HomeViewController.m */; };
		F392665E1DE7E8E00064B8B2 /* AppModel.m in Sources */ = {isa = PBXBuildFile; fileRef = F392665B1DE7E8E00064B8B2 /* AppModel.m */; };
		F392665F1DE7E8E00064B8B2 /* FMDBManagers.m in Sources */ = {isa = PBXBuildFile; fileRef = F392665D1DE7E8E00064B8B2 /* FMDBManagers.m */; };
		F39266A91DE815EA0064B8B2 /* MyLoveViewController.m in Sources */ = {isa = PBXBuildFile; fileRef = F39266A81DE815EA0064B8B2 /* MyLoveViewController.m */; };
		F39266AE1DE830DC0064B8B2 /* UIImageView+NetworkMonitor.m in Sources */ = {isa = PBXBuildFile; fileRef = F39266AD1DE830DC0064B8B2 /* UIImageView+NetworkMonitor.m */; };
		F3F9AA551DED3F0A006E48D2 /* Model.db in Resources */ = {isa = PBXBuildFile; fileRef = F3F9AA541DED3F0A006E48D2 /* Model.db */; };
		F3F9AA711DED5566006E48D2 /* HeadImageView.m in Sources */ = {isa = PBXBuildFile; fileRef = F3F9AA6C1DED5566006E48D2 /* HeadImageView.m */; };
		F3F9AA721DED5566006E48D2 /* NavHeadTitleView.m in Sources */ = {isa = PBXBuildFile; fileRef = F3F9AA6E1DED5566006E48D2 /* NavHeadTitleView.m */; };
		F3F9AA731DED5566006E48D2 /* PersonCenterViewController.m in Sources */ = {isa = PBXBuildFile; fileRef = F3F9AA701DED5566006E48D2 /* PersonCenterViewController.m */; };
		F3F9AA7A1DED5599006E48D2 /* SXAnimateVIew.m in Sources */ = {isa = PBXBuildFile; fileRef = F3F9AA761DED5599006E48D2 /* SXAnimateVIew.m */; };
		F3F9AA7B1DED5599006E48D2 /* SXFiveScoreCell.m in Sources */ = {isa = PBXBuildFile; fileRef = F3F9AA781DED5599006E48D2 /* SXFiveScoreCell.m */; };
		F3F9AA7C1DED5599006E48D2 /* SXFiveScoreCell.xib in Resources */ = {isa = PBXBuildFile; fileRef = F3F9AA791DED5599006E48D2 /* SXFiveScoreCell.xib */; };
		F3F9AABB1DED6D25006E48D2 /* CircleFriendsTableViewCell.m in Sources */ = {isa = PBXBuildFile; fileRef = F3F9AABA1DED6D25006E48D2 /* CircleFriendsTableViewCell.m */; };
		F3F9AABE1DED70F4006E48D2 /* SDWeiXinPhotoContainerView.m in Sources */ = {isa = PBXBuildFile; fileRef = F3F9AABD1DED70F4006E48D2 /* SDWeiXinPhotoContainerView.m */; };
		F3F9AAC71DED710F006E48D2 /* SDBrowserImageView.m in Sources */ = {isa = PBXBuildFile; fileRef = F3F9AAC11DED710F006E48D2 /* SDBrowserImageView.m */; };
		F3F9AAC81DED710F006E48D2 /* SDPhotoBrowser.m in Sources */ = {isa = PBXBuildFile; fileRef = F3F9AAC31DED710F006E48D2 /* SDPhotoBrowser.m */; };
		F3F9AAC91DED710F006E48D2 /* SDWaitingView.m in Sources */ = {isa = PBXBuildFile; fileRef = F3F9AAC61DED710F006E48D2 /* SDWaitingView.m */; };
		F3F9AACC1DED723D006E48D2 /* SDTimeLineCellModel.m in Sources */ = {isa = PBXBuildFile; fileRef = F3F9AACB1DED723D006E48D2 /* SDTimeLineCellModel.m */; };
/* End PBXBuildFile section */

/* Begin PBXFileReference section */
		055EC4880ADF29C4374462CA /* Pods-LoveLove.debug.xcconfig */ = {isa = PBXFileReference; includeInIndex = 1; lastKnownFileType = text.xcconfig; name = "Pods-LoveLove.debug.xcconfig"; path = "Pods/Target Support Files/Pods-LoveLove/Pods-LoveLove.debug.xcconfig"; sourceTree = "<group>"; };
		128058612E0513219931AC9C /* Pods-LoveLove.release.xcconfig */ = {isa = PBXFileReference; includeInIndex = 1; lastKnownFileType = text.xcconfig; name = "Pods-LoveLove.release.xcconfig"; path = "Pods/Target Support Files/Pods-LoveLove/Pods-LoveLove.release.xcconfig"; sourceTree = "<group>"; };
		8987CABA59A6ECAC4129B6C8 /* libPods-LoveLove.a */ = {isa = PBXFileReference; explicitFileType = archive.ar; includeInIndex = 0; path = "libPods-LoveLove.a"; sourceTree = BUILT_PRODUCTS_DIR; };
		F30058C71DEDD22A00DD5F35 /* liu1.jpg */ = {isa = PBXFileReference; lastKnownFileType = image.jpeg; path = liu1.jpg; sourceTree = "<group>"; };
		F30058C81DEDD22A00DD5F35 /* liu10.jpg */ = {isa = PBXFileReference; lastKnownFileType = image.jpeg; path = liu10.jpg; sourceTree = "<group>"; };
		F30058C91DEDD22A00DD5F35 /* liu11.jpg */ = {isa = PBXFileReference; lastKnownFileType = image.jpeg; path = liu11.jpg; sourceTree = "<group>"; };
		F30058CA1DEDD22A00DD5F35 /* liu12.jpg */ = {isa = PBXFileReference; lastKnownFileType = image.jpeg; path = liu12.jpg; sourceTree = "<group>"; };
		F30058CB1DEDD22A00DD5F35 /* liu13.jpg */ = {isa = PBXFileReference; lastKnownFileType = image.jpeg; path = liu13.jpg; sourceTree = "<group>"; };
		F30058CC1DEDD22A00DD5F35 /* liu14.jpg */ = {isa = PBXFileReference; lastKnownFileType = image.jpeg; path = liu14.jpg; sourceTree = "<group>"; };
		F30058CD1DEDD22A00DD5F35 /* liu15.jpg */ = {isa = PBXFileReference; lastKnownFileType = image.jpeg; path = liu15.jpg; sourceTree = "<group>"; };
		F30058CE1DEDD22A00DD5F35 /* liu16.jpg */ = {isa = PBXFileReference; lastKnownFileType = image.jpeg; path = liu16.jpg; sourceTree = "<group>"; };
		F30058CF1DEDD22A00DD5F35 /* liu17.jpg */ = {isa = PBXFileReference; lastKnownFileType = image.jpeg; path = liu17.jpg; sourceTree = "<group>"; };
		F30058D01DEDD22A00DD5F35 /* liu18.jpg */ = {isa = PBXFileReference; lastKnownFileType = image.jpeg; path = liu18.jpg; sourceTree = "<group>"; };
		F30058D11DEDD22A00DD5F35 /* liu19.jpg */ = {isa = PBXFileReference; lastKnownFileType = image.jpeg; path = liu19.jpg; sourceTree = "<group>"; };
		F30058D21DEDD22A00DD5F35 /* liu2.jpg */ = {isa = PBXFileReference; lastKnownFileType = image.jpeg; path = liu2.jpg; sourceTree = "<group>"; };
		F30058D31DEDD22A00DD5F35 /* liu20.jpg */ = {isa = PBXFileReference; lastKnownFileType = image.jpeg; path = liu20.jpg; sourceTree = "<group>"; };
		F30058D41DEDD22A00DD5F35 /* liu21.jpg */ = {isa = PBXFileReference; lastKnownFileType = image.jpeg; path = liu21.jpg; sourceTree = "<group>"; };
		F30058D51DEDD22A00DD5F35 /* liu22.jpg */ = {isa = PBXFileReference; lastKnownFileType = image.jpeg; path = liu22.jpg; sourceTree = "<group>"; };
		F30058D61DEDD22A00DD5F35 /* liu23.jpg */ = {isa = PBXFileReference; lastKnownFileType = image.jpeg; path = liu23.jpg; sourceTree = "<group>"; };
		F30058D71DEDD22A00DD5F35 /* liu24.jpg */ = {isa = PBXFileReference; lastKnownFileType = image.jpeg; path = liu24.jpg; sourceTree = "<group>"; };
		F30058D81DEDD22A00DD5F35 /* liu25.jpg */ = {isa = PBXFileReference; lastKnownFileType = image.jpeg; path = liu25.jpg; sourceTree = "<group>"; };
		F30058D91DEDD22A00DD5F35 /* liu26.jpg */ = {isa = PBXFileReference; lastKnownFileType = image.jpeg; path = liu26.jpg; sourceTree = "<group>"; };
		F30058DA1DEDD22A00DD5F35 /* liu27.jpg */ = {isa = PBXFileReference; lastKnownFileType = image.jpeg; path = liu27.jpg; sourceTree = "<group>"; };
		F30058DB1DEDD22A00DD5F35 /* liu28.jpg */ = {isa = PBXFileReference; lastKnownFileType = image.jpeg; path = liu28.jpg; sourceTree = "<group>"; };
		F30058DC1DEDD22A00DD5F35 /* liu29.jpg */ = {isa = PBXFileReference; lastKnownFileType = image.jpeg; path = liu29.jpg; sourceTree = "<group>"; };
		F30058DD1DEDD22A00DD5F35 /* liu3.jpg */ = {isa = PBXFileReference; lastKnownFileType = image.jpeg; path = liu3.jpg; sourceTree = "<group>"; };
		F30058DE1DEDD22A00DD5F35 /* liu30.jpg */ = {isa = PBXFileReference; lastKnownFileType = image.jpeg; path = liu30.jpg; sourceTree = "<group>"; };
		F30058DF1DEDD22A00DD5F35 /* liu31.jpg */ = {isa = PBXFileReference; lastKnownFileType = image.jpeg; path = liu31.jpg; sourceTree = "<group>"; };
		F30058E01DEDD22A00DD5F35 /* liu32.jpg */ = {isa = PBXFileReference; lastKnownFileType = image.jpeg; path = liu32.jpg; sourceTree = "<group>"; };
		F30058E11DEDD22A00DD5F35 /* liu33.jpg */ = {isa = PBXFileReference; lastKnownFileType = image.jpeg; path = liu33.jpg; sourceTree = "<group>"; };
		F30058E21DEDD22A00DD5F35 /* liu34.jpg */ = {isa = PBXFileReference; lastKnownFileType = image.jpeg; path = liu34.jpg; sourceTree = "<group>"; };
		F30058E31DEDD22A00DD5F35 /* liu35.jpg */ = {isa = PBXFileReference; lastKnownFileType = image.jpeg; path = liu35.jpg; sourceTree = "<group>"; };
		F30058E41DEDD22A00DD5F35 /* liu36.jpg */ = {isa = PBXFileReference; lastKnownFileType = image.jpeg; path = liu36.jpg; sourceTree = "<group>"; };
		F30058E51DEDD22A00DD5F35 /* liu37.jpg */ = {isa = PBXFileReference; lastKnownFileType = image.jpeg; path = liu37.jpg; sourceTree = "<group>"; };
		F30058E61DEDD22A00DD5F35 /* liu38.jpg */ = {isa = PBXFileReference; lastKnownFileType = image.jpeg; path = liu38.jpg; sourceTree = "<group>"; };
		F30058E71DEDD22A00DD5F35 /* liu39.jpg */ = {isa = PBXFileReference; lastKnownFileType = image.jpeg; path = liu39.jpg; sourceTree = "<group>"; };
		F30058E81DEDD22A00DD5F35 /* liu4.jpg */ = {isa = PBXFileReference; lastKnownFileType = image.jpeg; path = liu4.jpg; sourceTree = "<group>"; };
		F30058E91DEDD22A00DD5F35 /* liu5.jpg */ = {isa = PBXFileReference; lastKnownFileType = image.jpeg; path = liu5.jpg; sourceTree = "<group>"; };
		F30058EA1DEDD22A00DD5F35 /* liu6.jpg */ = {isa = PBXFileReference; lastKnownFileType = image.jpeg; path = liu6.jpg; sourceTree = "<group>"; };
		F30058EB1DEDD22A00DD5F35 /* liu7.jpg */ = {isa = PBXFileReference; lastKnownFileType = image.jpeg; path = liu7.jpg; sourceTree = "<group>"; };
		F30058EC1DEDD22A00DD5F35 /* liu8.jpg */ = {isa = PBXFileReference; lastKnownFileType = image.jpeg; path = liu8.jpg; sourceTree = "<group>"; };
		F30058ED1DEDD22A00DD5F35 /* liu9.jpg */ = {isa = PBXFileReference; lastKnownFileType = image.jpeg; path = liu9.jpg; sourceTree = "<group>"; };
		F30058EF1DEDD22A00DD5F35 /* xiamo1.jpg */ = {isa = PBXFileReference; lastKnownFileType = image.jpeg; path = xiamo1.jpg; sourceTree = "<group>"; };
		F30058F01DEDD22A00DD5F35 /* xiamo10.jpg */ = {isa = PBXFileReference; lastKnownFileType = image.jpeg; path = xiamo10.jpg; sourceTree = "<group>"; };
		F30058F11DEDD22A00DD5F35 /* xiamo11.jpg */ = {isa = PBXFileReference; lastKnownFileType = image.jpeg; path = xiamo11.jpg; sourceTree = "<group>"; };
		F30058F21DEDD22A00DD5F35 /* xiamo12.jpg */ = {isa = PBXFileReference; lastKnownFileType = image.jpeg; path = xiamo12.jpg; sourceTree = "<group>"; };
		F30058F31DEDD22A00DD5F35 /* xiamo13.jpg */ = {isa = PBXFileReference; lastKnownFileType = image.jpeg; path = xiamo13.jpg; sourceTree = "<group>"; };
		F30058F41DEDD22A00DD5F35 /* xiamo14.jpg */ = {isa = PBXFileReference; lastKnownFileType = image.jpeg; path = xiamo14.jpg; sourceTree = "<group>"; };
		F30058F51DEDD22A00DD5F35 /* xiamo15.jpg */ = {isa = PBXFileReference; lastKnownFileType = image.jpeg; path = xiamo15.jpg; sourceTree = "<group>"; };
		F30058F61DEDD22A00DD5F35 /* xiamo16.jpg */ = {isa = PBXFileReference; lastKnownFileType = image.jpeg; path = xiamo16.jpg; sourceTree = "<group>"; };
		F30058F71DEDD22A00DD5F35 /* xiamo17.jpg */ = {isa = PBXFileReference; lastKnownFileType = image.jpeg; path = xiamo17.jpg; sourceTree = "<group>"; };
		F30058F81DEDD22A00DD5F35 /* xiamo18.jpg */ = {isa = PBXFileReference; lastKnownFileType = image.jpeg; path = xiamo18.jpg; sourceTree = "<group>"; };
		F30058F91DEDD22A00DD5F35 /* xiamo19.jpg */ = {isa = PBXFileReference; lastKnownFileType = image.jpeg; path = xiamo19.jpg; sourceTree = "<group>"; };
		F30058FA1DEDD22A00DD5F35 /* xiamo2.jpg */ = {isa = PBXFileReference; lastKnownFileType = image.jpeg; path = xiamo2.jpg; sourceTree = "<group>"; };
		F30058FB1DEDD22A00DD5F35 /* xiamo20.jpg */ = {isa = PBXFileReference; lastKnownFileType = image.jpeg; path = xiamo20.jpg; sourceTree = "<group>"; };
		F30058FC1DEDD22A00DD5F35 /* xiamo3.jpg */ = {isa = PBXFileReference; lastKnownFileType = image.jpeg; path = xiamo3.jpg; sourceTree = "<group>"; };
		F30058FD1DEDD22A00DD5F35 /* xiamo4.jpg */ = {isa = PBXFileReference; lastKnownFileType = image.jpeg; path = xiamo4.jpg; sourceTree = "<group>"; };
		F30058FE1DEDD22A00DD5F35 /* xiamo5.jpg */ = {isa = PBXFileReference; lastKnownFileType = image.jpeg; path = xiamo5.jpg; sourceTree = "<group>"; };
		F30058FF1DEDD22A00DD5F35 /* xiamo6.jpg */ = {isa = PBXFileReference; lastKnownFileType = image.jpeg; path = xiamo6.jpg; sourceTree = "<group>"; };
		F30059001DEDD22A00DD5F35 /* xiamo7.jpg */ = {isa = PBXFileReference; lastKnownFileType = image.jpeg; path = xiamo7.jpg; sourceTree = "<group>"; };
		F30059011DEDD22A00DD5F35 /* xiamo8.jpg */ = {isa = PBXFileReference; lastKnownFileType = image.jpeg; path = xiamo8.jpg; sourceTree = "<group>"; };
		F30059021DEDD22A00DD5F35 /* xiamo9.jpg */ = {isa = PBXFileReference; lastKnownFileType = image.jpeg; path = xiamo9.jpg; sourceTree = "<group>"; };
		F35A6E5F1DEBBD380040D81D /* AlbumCollectionViewCell.h */ = {isa = PBXFileReference; fileEncoding = 4; lastKnownFileType = sourcecode.c.h; path = AlbumCollectionViewCell.h; sourceTree = "<group>"; };
		F35A6E601DEBBD380040D81D /* AlbumCollectionViewCell.m */ = {isa = PBXFileReference; fileEncoding = 4; lastKnownFileType = sourcecode.c.objc; path = AlbumCollectionViewCell.m; sourceTree = "<group>"; };
		F35A6E611DEBBD380040D81D /* AlbumCollectionViewLineLayout.h */ = {isa = PBXFileReference; fileEncoding = 4; lastKnownFileType = sourcecode.c.h; path = AlbumCollectionViewLineLayout.h; sourceTree = "<group>"; };
		F35A6E621DEBBD380040D81D /* AlbumCollectionViewLineLayout.m */ = {isa = PBXFileReference; fileEncoding = 4; lastKnownFileType = sourcecode.c.objc; path = AlbumCollectionViewLineLayout.m; sourceTree = "<group>"; };
		F35A6E631DEBBD380040D81D /* PhotoAlbumViewController.h */ = {isa = PBXFileReference; fileEncoding = 4; lastKnownFileType = sourcecode.c.h; path = PhotoAlbumViewController.h; sourceTree = "<group>"; };
		F35A6E641DEBBD380040D81D /* PhotoAlbumViewController.m */ = {isa = PBXFileReference; fileEncoding = 4; lastKnownFileType = sourcecode.c.objc; path = PhotoAlbumViewController.m; sourceTree = "<group>"; };
		F35A6E851DEBD2240040D81D /* NSObject+Property.h */ = {isa = PBXFileReference; fileEncoding = 4; lastKnownFileType = sourcecode.c.h; path = "NSObject+Property.h"; sourceTree = "<group>"; };
		F35A6E861DEBD2240040D81D /* NSObject+Property.m */ = {isa = PBXFileReference; fileEncoding = 4; lastKnownFileType = sourcecode.c.objc; path = "NSObject+Property.m"; sourceTree = "<group>"; };
		F35A6EA11DEC2A350040D81D /* HomeHeaderView.h */ = {isa = PBXFileReference; fileEncoding = 4; lastKnownFileType = sourcecode.c.h; path = HomeHeaderView.h; sourceTree = "<group>"; };
		F35A6EA21DEC2A350040D81D /* HomeHeaderView.m */ = {isa = PBXFileReference; fileEncoding = 4; lastKnownFileType = sourcecode.c.objc; path = HomeHeaderView.m; sourceTree = "<group>"; };
		F35FE5261DE9156500766944 /* QMNavigateCollectionViewCell.h */ = {isa = PBXFileReference; fileEncoding = 4; lastKnownFileType = sourcecode.c.h; path = QMNavigateCollectionViewCell.h; sourceTree = "<group>"; };
		F35FE5271DE9156500766944 /* QMNavigateCollectionViewCell.m */ = {isa = PBXFileReference; fileEncoding = 4; lastKnownFileType = sourcecode.c.objc; path = QMNavigateCollectionViewCell.m; sourceTree = "<group>"; };
		F35FE5281DE9156500766944 /* QMNavigateCollectionViewCell.xib */ = {isa = PBXFileReference; fileEncoding = 4; lastKnownFileType = file.xib; path = QMNavigateCollectionViewCell.xib; sourceTree = "<group>"; };
		F35FE52B1DE91A3000766944 /* ComBaseTableViewController.h */ = {isa = PBXFileReference; fileEncoding = 4; lastKnownFileType = sourcecode.c.h; path = ComBaseTableViewController.h; sourceTree = "<group>"; };
		F35FE52C1DE91A3000766944 /* ComBaseTableViewController.m */ = {isa = PBXFileReference; fileEncoding = 4; lastKnownFileType = sourcecode.c.objc; path = ComBaseTableViewController.m; sourceTree = "<group>"; };
		F35FE52F1DE91ABF00766944 /* sr_refresh.png */ = {isa = PBXFileReference; lastKnownFileType = image.png; path = sr_refresh.png; sourceTree = "<group>"; };
		F35FE5301DE91ABF00766944 /* sr_refresh@2X.png */ = {isa = PBXFileReference; lastKnownFileType = image.png; path = "sr_refresh@2X.png"; sourceTree = "<group>"; };
		F35FE5311DE91ABF00766944 /* SRDefine.h */ = {isa = PBXFileReference; fileEncoding = 4; lastKnownFileType = sourcecode.c.h; path = SRDefine.h; sourceTree = "<group>"; };
		F35FE5321DE91ABF00766944 /* SRRefreshView.h */ = {isa = PBXFileReference; fileEncoding = 4; lastKnownFileType = sourcecode.c.h; path = SRRefreshView.h; sourceTree = "<group>"; };
		F35FE5331DE91ABF00766944 /* SRRefreshView.m */ = {isa = PBXFileReference; fileEncoding = 4; lastKnownFileType = sourcecode.c.objc; path = SRRefreshView.m; sourceTree = "<group>"; };
		F35FE5341DE91ABF00766944 /* SRSlimeView.h */ = {isa = PBXFileReference; fileEncoding = 4; lastKnownFileType = sourcecode.c.h; path = SRSlimeView.h; sourceTree = "<group>"; };
		F35FE5351DE91ABF00766944 /* SRSlimeView.m */ = {isa = PBXFileReference; fileEncoding = 4; lastKnownFileType = sourcecode.c.objc; path = SRSlimeView.m; sourceTree = "<group>"; };
		F35FE53A1DE91B5300766944 /* NSObject+PerformBlockAfterDelay.h */ = {isa = PBXFileReference; fileEncoding = 4; lastKnownFileType = sourcecode.c.h; path = "NSObject+PerformBlockAfterDelay.h"; sourceTree = "<group>"; };
		F35FE53B1DE91B5300766944 /* NSObject+PerformBlockAfterDelay.m */ = {isa = PBXFileReference; fileEncoding = 4; lastKnownFileType = sourcecode.c.objc; path = "NSObject+PerformBlockAfterDelay.m"; sourceTree = "<group>"; };
		F35FE5401DE91BF700766944 /* QMUtil.h */ = {isa = PBXFileReference; fileEncoding = 4; lastKnownFileType = sourcecode.c.h; path = QMUtil.h; sourceTree = "<group>"; };
		F35FE5411DE91BF700766944 /* QMUtil.m */ = {isa = PBXFileReference; fileEncoding = 4; lastKnownFileType = sourcecode.c.objc; path = QMUtil.m; sourceTree = "<group>"; };
		F35FE5431DE91CB300766944 /* MemeoryTimeTableViewController.h */ = {isa = PBXFileReference; fileEncoding = 4; lastKnownFileType = sourcecode.c.h; path = MemeoryTimeTableViewController.h; sourceTree = "<group>"; };
		F35FE5441DE91CB300766944 /* MemeoryTimeTableViewController.m */ = {isa = PBXFileReference; fileEncoding = 4; lastKnownFileType = sourcecode.c.objc; path = MemeoryTimeTableViewController.m; sourceTree = "<group>"; };
		F35FE5491DE91D3500766944 /* UIView+UIViewFrame.h */ = {isa = PBXFileReference; fileEncoding = 4; lastKnownFileType = sourcecode.c.h; path = "UIView+UIViewFrame.h"; sourceTree = "<group>"; };
		F35FE54A1DE91D3500766944 /* UIView+UIViewFrame.m */ = {isa = PBXFileReference; fileEncoding = 4; lastKnownFileType = sourcecode.c.objc; path = "UIView+UIViewFrame.m"; sourceTree = "<group>"; };
		F35FE54C1DE91D7100766944 /* MemoryTimeModel.h */ = {isa = PBXFileReference; fileEncoding = 4; lastKnownFileType = sourcecode.c.h; path = MemoryTimeModel.h; sourceTree = "<group>"; };
		F35FE54D1DE91D7100766944 /* MemoryTimeModel.m */ = {isa = PBXFileReference; fileEncoding = 4; lastKnownFileType = sourcecode.c.objc; path = MemoryTimeModel.m; sourceTree = "<group>"; };
		F35FE54F1DE91F8D00766944 /* MBProgressHUD+QM.h */ = {isa = PBXFileReference; fileEncoding = 4; lastKnownFileType = sourcecode.c.h; path = "MBProgressHUD+QM.h"; sourceTree = "<group>"; };
		F35FE5501DE91F8D00766944 /* MBProgressHUD+QM.m */ = {isa = PBXFileReference; fileEncoding = 4; lastKnownFileType = sourcecode.c.objc; path = "MBProgressHUD+QM.m"; sourceTree = "<group>"; };
		F35FE5511DE91F8D00766944 /* PrefixHeader.pch */ = {isa = PBXFileReference; fileEncoding = 4; lastKnownFileType = sourcecode.c.h; path = PrefixHeader.pch; sourceTree = "<group>"; };
		F35FE5541DE92C6000766944 /* WaterList1.plist */ = {isa = PBXFileReference; fileEncoding = 4; lastKnownFileType = text.plist.xml; path = WaterList1.plist; sourceTree = "<group>"; };
		F35FE5551DE92C6000766944 /* HomeWaterImage.h */ = {isa = PBXFileReference; fileEncoding = 4; lastKnownFileType = sourcecode.c.h; path = HomeWaterImage.h; sourceTree = "<group>"; };
		F35FE5561DE92C6000766944 /* HomeWaterImage.m */ = {isa = PBXFileReference; fileEncoding = 4; lastKnownFileType = sourcecode.c.objc; path = HomeWaterImage.m; sourceTree = "<group>"; };
		F35FE5571DE92C6000766944 /* WaterCollectionViewCell.h */ = {isa = PBXFileReference; fileEncoding = 4; lastKnownFileType = sourcecode.c.h; path = WaterCollectionViewCell.h; sourceTree = "<group>"; };
		F35FE5581DE92C6000766944 /* WaterCollectionViewCell.m */ = {isa = PBXFileReference; fileEncoding = 4; lastKnownFileType = sourcecode.c.objc; path = WaterCollectionViewCell.m; sourceTree = "<group>"; };
		F35FE5591DE92C6000766944 /* WaterCollectionViewCell.xib */ = {isa = PBXFileReference; fileEncoding = 4; lastKnownFileType = file.xib; path = WaterCollectionViewCell.xib; sourceTree = "<group>"; };
		F35FE55A1DE92C6000766944 /* WaterfallLayout.h */ = {isa = PBXFileReference; fileEncoding = 4; lastKnownFileType = sourcecode.c.h; path = WaterfallLayout.h; sourceTree = "<group>"; };
		F35FE55B1DE92C6000766944 /* WaterfallLayout.m */ = {isa = PBXFileReference; fileEncoding = 4; lastKnownFileType = sourcecode.c.objc; path = WaterfallLayout.m; sourceTree = "<group>"; };
		F35FE5611DE92CB800766944 /* WaterLayoutViewController.h */ = {isa = PBXFileReference; fileEncoding = 4; lastKnownFileType = sourcecode.c.h; path = WaterLayoutViewController.h; sourceTree = "<group>"; };
		F35FE5621DE92CB800766944 /* WaterLayoutViewController.m */ = {isa = PBXFileReference; fileEncoding = 4; lastKnownFileType = sourcecode.c.objc; path = WaterLayoutViewController.m; sourceTree = "<group>"; };
		F35FE56A1DE95E6600766944 /* ToViewTopButton.h */ = {isa = PBXFileReference; fileEncoding = 4; lastKnownFileType = sourcecode.c.h; path = ToViewTopButton.h; sourceTree = "<group>"; };
		F35FE56B1DE95E6600766944 /* ToViewTopButton.m */ = {isa = PBXFileReference; fileEncoding = 4; lastKnownFileType = sourcecode.c.objc; path = ToViewTopButton.m; sourceTree = "<group>"; };
		F35FE56F1DE9717E00766944 /* WaterList2.plist */ = {isa = PBXFileReference; fileEncoding = 4; lastKnownFileType = text.plist.xml; path = WaterList2.plist; sourceTree = "<group>"; };
		F35FE59B1DE9895800766944 /* ComWebViewController.h */ = {isa = PBXFileReference; fileEncoding = 4; lastKnownFileType = sourcecode.c.h; path = ComWebViewController.h; sourceTree = "<group>"; };
		F35FE59C1DE9895800766944 /* ComWebViewController.m */ = {isa = PBXFileReference; fileEncoding = 4; lastKnownFileType = sourcecode.c.objc; path = ComWebViewController.m; sourceTree = "<group>"; };
		F35FE59E1DE989AB00766944 /* WebDetailsViewController.h */ = {isa = PBXFileReference; fileEncoding = 4; lastKnownFileType = sourcecode.c.h; path = WebDetailsViewController.h; sourceTree = "<group>"; };
		F35FE59F1DE989AB00766944 /* WebDetailsViewController.m */ = {isa = PBXFileReference; fileEncoding = 4; lastKnownFileType = sourcecode.c.objc; path = WebDetailsViewController.m; sourceTree = "<group>"; };
		F37E077C1DE85F0D00845118 /* UIAlertController+Blocks.h */ = {isa = PBXFileReference; fileEncoding = 4; lastKnownFileType = sourcecode.c.h; path = "UIAlertController+Blocks.h"; sourceTree = "<group>"; };
		F37E077D1DE85F0D00845118 /* UIAlertController+Blocks.m */ = {isa = PBXFileReference; fileEncoding = 4; lastKnownFileType = sourcecode.c.objc; path = "UIAlertController+Blocks.m"; sourceTree = "<group>"; };
		F37E07831DE8673E00845118 /* TAAbstractDotView.h */ = {isa = PBXFileReference; fileEncoding = 4; lastKnownFileType = sourcecode.c.h; path = TAAbstractDotView.h; sourceTree = "<group>"; };
		F37E07841DE8673E00845118 /* TAAbstractDotView.m */ = {isa = PBXFileReference; fileEncoding = 4; lastKnownFileType = sourcecode.c.objc; path = TAAbstractDotView.m; sourceTree = "<group>"; };
		F37E07851DE8673E00845118 /* TAAnimatedDotView.h */ = {isa = PBXFileReference; fileEncoding = 4; lastKnownFileType = sourcecode.c.h; path = TAAnimatedDotView.h; sourceTree = "<group>"; };
		F37E07861DE8673E00845118 /* TAAnimatedDotView.m */ = {isa = PBXFileReference; fileEncoding = 4; lastKnownFileType = sourcecode.c.objc; path = TAAnimatedDotView.m; sourceTree = "<group>"; };
		F37E07871DE8673E00845118 /* TADotView.h */ = {isa = PBXFileReference; fileEncoding = 4; lastKnownFileType = sourcecode.c.h; path = TADotView.h; sourceTree = "<group>"; };
		F37E07881DE8673E00845118 /* TADotView.m */ = {isa = PBXFileReference; fileEncoding = 4; lastKnownFileType = sourcecode.c.objc; path = TADotView.m; sourceTree = "<group>"; };
		F37E07891DE8673E00845118 /* TAPageControl.h */ = {isa = PBXFileReference; fileEncoding = 4; lastKnownFileType = sourcecode.c.h; path = TAPageControl.h; sourceTree = "<group>"; };
		F37E078A1DE8673E00845118 /* TAPageControl.m */ = {isa = PBXFileReference; fileEncoding = 4; lastKnownFileType = sourcecode.c.objc; path = TAPageControl.m; sourceTree = "<group>"; };
		F37E078B1DE8673E00845118 /* SDCollectionViewCell.h */ = {isa = PBXFileReference; fileEncoding = 4; lastKnownFileType = sourcecode.c.h; path = SDCollectionViewCell.h; sourceTree = "<group>"; };
		F37E078C1DE8673E00845118 /* SDCollectionViewCell.m */ = {isa = PBXFileReference; fileEncoding = 4; lastKnownFileType = sourcecode.c.objc; path = SDCollectionViewCell.m; sourceTree = "<group>"; };
		F37E078D1DE8673E00845118 /* SDCycleScrollView.h */ = {isa = PBXFileReference; fileEncoding = 4; lastKnownFileType = sourcecode.c.h; path = SDCycleScrollView.h; sourceTree = "<group>"; };
		F37E078E1DE8673E00845118 /* SDCycleScrollView.m */ = {isa = PBXFileReference; fileEncoding = 4; lastKnownFileType = sourcecode.c.objc; path = SDCycleScrollView.m; sourceTree = "<group>"; };
		F37E078F1DE8673E00845118 /* UIView+SDExtension.h */ = {isa = PBXFileReference; fileEncoding = 4; lastKnownFileType = sourcecode.c.h; path = "UIView+SDExtension.h"; sourceTree = "<group>"; };
		F37E07901DE8673E00845118 /* UIView+SDExtension.m */ = {isa = PBXFileReference; fileEncoding = 4; lastKnownFileType = sourcecode.c.objc; path = "UIView+SDExtension.m"; sourceTree = "<group>"; };
		F38485BE1DEE6476009C174E /* ComNavigationController.h */ = {isa = PBXFileReference; fileEncoding = 4; lastKnownFileType = sourcecode.c.h; path = ComNavigationController.h; sourceTree = "<group>"; };
		F38485BF1DEE6476009C174E /* ComNavigationController.m */ = {isa = PBXFileReference; fileEncoding = 4; lastKnownFileType = sourcecode.c.objc; path = ComNavigationController.m; sourceTree = "<group>"; };
		F38485C01DEE6476009C174E /* ComTabBarController.h */ = {isa = PBXFileReference; fileEncoding = 4; lastKnownFileType = sourcecode.c.h; path = ComTabBarController.h; sourceTree = "<group>"; };
		F38485C11DEE6476009C174E /* ComTabBarController.m */ = {isa = PBXFileReference; fileEncoding = 4; lastKnownFileType = sourcecode.c.objc; path = ComTabBarController.m; sourceTree = "<group>"; };
		F38485C41DEE6DA9009C174E /* TouchWindow.h */ = {isa = PBXFileReference; fileEncoding = 4; lastKnownFileType = sourcecode.c.h; path = TouchWindow.h; sourceTree = "<group>"; };
		F38485C51DEE6DA9009C174E /* TouchWindow.m */ = {isa = PBXFileReference; fileEncoding = 4; lastKnownFileType = sourcecode.c.objc; path = TouchWindow.m; sourceTree = "<group>"; };
		F38485C71DEE6E0E009C174E /* ViewController.h */ = {isa = PBXFileReference; fileEncoding = 4; lastKnownFileType = sourcecode.c.h; path = ViewController.h; sourceTree = "<group>"; };
		F38485C81DEE6E0E009C174E /* ViewController.m */ = {isa = PBXFileReference; fileEncoding = 4; lastKnownFileType = sourcecode.c.objc; path = ViewController.m; sourceTree = "<group>"; };
		F38D7DA01DEAC63A0066EA92 /* FXBlurView.h */ = {isa = PBXFileReference; fileEncoding = 4; lastKnownFileType = sourcecode.c.h; path = FXBlurView.h; sourceTree = "<group>"; };
		F38D7DA11DEAC63A0066EA92 /* FXBlurView.m */ = {isa = PBXFileReference; fileEncoding = 4; lastKnownFileType = sourcecode.c.objc; path = FXBlurView.m; sourceTree = "<group>"; };
		F39265EE1DE7D3B50064B8B2 /* LoveLove.app */ = {isa = PBXFileReference; explicitFileType = wrapper.application; includeInIndex = 0; path = LoveLove.app; sourceTree = BUILT_PRODUCTS_DIR; };
		F39265F21DE7D3B50064B8B2 /* main.m */ = {isa = PBXFileReference; lastKnownFileType = sourcecode.c.objc; path = main.m; sourceTree = "<group>"; };
		F39265F41DE7D3B50064B8B2 /* AppDelegate.h */ = {isa = PBXFileReference; lastKnownFileType = sourcecode.c.h; path = AppDelegate.h; sourceTree = "<group>"; };
		F39265F51DE7D3B50064B8B2 /* AppDelegate.m */ = {isa = PBXFileReference; lastKnownFileType = sourcecode.c.objc; path = AppDelegate.m; sourceTree = "<group>"; };
		F39265FB1DE7D3B50064B8B2 /* Base */ = {isa = PBXFileReference; lastKnownFileType = file.storyboard; name = Base; path = Base.lproj/Main.storyboard; sourceTree = "<group>"; };
		F39265FD1DE7D3B50064B8B2 /* Assets.xcassets */ = {isa = PBXFileReference; lastKnownFileType = folder.assetcatalog; path = Assets.xcassets; sourceTree = "<group>"; };
		F39266001DE7D3B50064B8B2 /* Base */ = {isa = PBXFileReference; lastKnownFileType = file.storyboard; name = Base; path = Base.lproj/LaunchScreen.storyboard; sourceTree = "<group>"; };
		F39266021DE7D3B50064B8B2 /* Info.plist */ = {isa = PBXFileReference; lastKnownFileType = text.plist.xml; path = Info.plist; sourceTree = "<group>"; };
		F39266311DE7E4720064B8B2 /* PrefixHeader.pch */ = {isa = PBXFileReference; fileEncoding = 4; lastKnownFileType = sourcecode.c.h; path = PrefixHeader.pch; sourceTree = "<group>"; };
		F392663B1DE7E8A70064B8B2 /* UIColor+HexStringToColor.h */ = {isa = PBXFileReference; fileEncoding = 4; lastKnownFileType = sourcecode.c.h; path = "UIColor+HexStringToColor.h"; sourceTree = "<group>"; };
		F392663C1DE7E8A70064B8B2 /* UIColor+HexStringToColor.m */ = {isa = PBXFileReference; fileEncoding = 4; lastKnownFileType = sourcecode.c.objc; path = "UIColor+HexStringToColor.m"; sourceTree = "<group>"; };
		F39266441DE7E8A70064B8B2 /* ComBaseViewController.h */ = {isa = PBXFileReference; fileEncoding = 4; lastKnownFileType = sourcecode.c.h; path = ComBaseViewController.h; sourceTree = "<group>"; };
		F39266451DE7E8A70064B8B2 /* ComBaseViewController.m */ = {isa = PBXFileReference; fileEncoding = 4; lastKnownFileType = sourcecode.c.objc; path = ComBaseViewController.m; sourceTree = "<group>"; };
		F392664B1DE7E8A70064B8B2 /* CenterViewController.h */ = {isa = PBXFileReference; fileEncoding = 4; lastKnownFileType = sourcecode.c.h; path = CenterViewController.h; sourceTree = "<group>"; };
		F392664C1DE7E8A70064B8B2 /* CenterViewController.m */ = {isa = PBXFileReference; fileEncoding = 4; lastKnownFileType = sourcecode.c.objc; path = CenterViewController.m; sourceTree = "<group>"; };
		F392664E1DE7E8A70064B8B2 /* HomeViewController.h */ = {isa = PBXFileReference; fileEncoding = 4; lastKnownFileType = sourcecode.c.h; path = HomeViewController.h; sourceTree = "<group>"; };
		F392664F1DE7E8A70064B8B2 /* HomeViewController.m */ = {isa = PBXFileReference; fileEncoding = 4; lastKnownFileType = sourcecode.c.objc; path = HomeViewController.m; sourceTree = "<group>"; };
		F392665A1DE7E8E00064B8B2 /* AppModel.h */ = {isa = PBXFileReference; fileEncoding = 4; lastKnownFileType = sourcecode.c.h; path = AppModel.h; sourceTree = "<group>"; };
		F392665B1DE7E8E00064B8B2 /* AppModel.m */ = {isa = PBXFileReference; fileEncoding = 4; lastKnownFileType = sourcecode.c.objc; path = AppModel.m; sourceTree = "<group>"; };
		F392665C1DE7E8E00064B8B2 /* FMDBManagers.h */ = {isa = PBXFileReference; fileEncoding = 4; lastKnownFileType = sourcecode.c.h; path = FMDBManagers.h; sourceTree = "<group>"; };
		F392665D1DE7E8E00064B8B2 /* FMDBManagers.m */ = {isa = PBXFileReference; fileEncoding = 4; lastKnownFileType = sourcecode.c.objc; path = FMDBManagers.m; sourceTree = "<group>"; };
		F39266A71DE815EA0064B8B2 /* MyLoveViewController.h */ = {isa = PBXFileReference; fileEncoding = 4; lastKnownFileType = sourcecode.c.h; path = MyLoveViewController.h; sourceTree = "<group>"; };
		F39266A81DE815EA0064B8B2 /* MyLoveViewController.m */ = {isa = PBXFileReference; fileEncoding = 4; lastKnownFileType = sourcecode.c.objc; path = MyLoveViewController.m; sourceTree = "<group>"; };
		F39266AC1DE830DC0064B8B2 /* UIImageView+NetworkMonitor.h */ = {isa = PBXFileReference; fileEncoding = 4; lastKnownFileType = sourcecode.c.h; path = "UIImageView+NetworkMonitor.h"; sourceTree = "<group>"; };
		F39266AD1DE830DC0064B8B2 /* UIImageView+NetworkMonitor.m */ = {isa = PBXFileReference; fileEncoding = 4; lastKnownFileType = sourcecode.c.objc; path = "UIImageView+NetworkMonitor.m"; sourceTree = "<group>"; };
		F3F9AA541DED3F0A006E48D2 /* Model.db */ = {isa = PBXFileReference; lastKnownFileType = file; path = Model.db; sourceTree = "<group>"; };
		F3F9AA6B1DED5566006E48D2 /* HeadImageView.h */ = {isa = PBXFileReference; fileEncoding = 4; lastKnownFileType = sourcecode.c.h; path = HeadImageView.h; sourceTree = "<group>"; };
		F3F9AA6C1DED5566006E48D2 /* HeadImageView.m */ = {isa = PBXFileReference; fileEncoding = 4; lastKnownFileType = sourcecode.c.objc; path = HeadImageView.m; sourceTree = "<group>"; };
		F3F9AA6D1DED5566006E48D2 /* NavHeadTitleView.h */ = {isa = PBXFileReference; fileEncoding = 4; lastKnownFileType = sourcecode.c.h; path = NavHeadTitleView.h; sourceTree = "<group>"; };
		F3F9AA6E1DED5566006E48D2 /* NavHeadTitleView.m */ = {isa = PBXFileReference; fileEncoding = 4; lastKnownFileType = sourcecode.c.objc; path = NavHeadTitleView.m; sourceTree = "<group>"; };
		F3F9AA6F1DED5566006E48D2 /* PersonCenterViewController.h */ = {isa = PBXFileReference; fileEncoding = 4; lastKnownFileType = sourcecode.c.h; path = PersonCenterViewController.h; sourceTree = "<group>"; };
		F3F9AA701DED5566006E48D2 /* PersonCenterViewController.m */ = {isa = PBXFileReference; fileEncoding = 4; lastKnownFileType = sourcecode.c.objc; path = PersonCenterViewController.m; sourceTree = "<group>"; };
		F3F9AA751DED5599006E48D2 /* SXAnimateVIew.h */ = {isa = PBXFileReference; fileEncoding = 4; lastKnownFileType = sourcecode.c.h; path = SXAnimateVIew.h; sourceTree = "<group>"; };
		F3F9AA761DED5599006E48D2 /* SXAnimateVIew.m */ = {isa = PBXFileReference; fileEncoding = 4; lastKnownFileType = sourcecode.c.objc; path = SXAnimateVIew.m; sourceTree = "<group>"; };
		F3F9AA771DED5599006E48D2 /* SXFiveScoreCell.h */ = {isa = PBXFileReference; fileEncoding = 4; lastKnownFileType = sourcecode.c.h; path = SXFiveScoreCell.h; sourceTree = "<group>"; };
		F3F9AA781DED5599006E48D2 /* SXFiveScoreCell.m */ = {isa = PBXFileReference; fileEncoding = 4; lastKnownFileType = sourcecode.c.objc; path = SXFiveScoreCell.m; sourceTree = "<group>"; };
		F3F9AA791DED5599006E48D2 /* SXFiveScoreCell.xib */ = {isa = PBXFileReference; fileEncoding = 4; lastKnownFileType = file.xib; path = SXFiveScoreCell.xib; sourceTree = "<group>"; };
		F3F9AAB91DED6D25006E48D2 /* CircleFriendsTableViewCell.h */ = {isa = PBXFileReference; fileEncoding = 4; lastKnownFileType = sourcecode.c.h; path = CircleFriendsTableViewCell.h; sourceTree = "<group>"; };
		F3F9AABA1DED6D25006E48D2 /* CircleFriendsTableViewCell.m */ = {isa = PBXFileReference; fileEncoding = 4; lastKnownFileType = sourcecode.c.objc; path = CircleFriendsTableViewCell.m; sourceTree = "<group>"; };
		F3F9AABC1DED70F4006E48D2 /* SDWeiXinPhotoContainerView.h */ = {isa = PBXFileReference; fileEncoding = 4; lastKnownFileType = sourcecode.c.h; path = SDWeiXinPhotoContainerView.h; sourceTree = "<group>"; };
		F3F9AABD1DED70F4006E48D2 /* SDWeiXinPhotoContainerView.m */ = {isa = PBXFileReference; fileEncoding = 4; lastKnownFileType = sourcecode.c.objc; path = SDWeiXinPhotoContainerView.m; sourceTree = "<group>"; };
		F3F9AAC01DED710F006E48D2 /* SDBrowserImageView.h */ = {isa = PBXFileReference; fileEncoding = 4; lastKnownFileType = sourcecode.c.h; path = SDBrowserImageView.h; sourceTree = "<group>"; };
		F3F9AAC11DED710F006E48D2 /* SDBrowserImageView.m */ = {isa = PBXFileReference; fileEncoding = 4; lastKnownFileType = sourcecode.c.objc; path = SDBrowserImageView.m; sourceTree = "<group>"; };
		F3F9AAC21DED710F006E48D2 /* SDPhotoBrowser.h */ = {isa = PBXFileReference; fileEncoding = 4; lastKnownFileType = sourcecode.c.h; path = SDPhotoBrowser.h; sourceTree = "<group>"; };
		F3F9AAC31DED710F006E48D2 /* SDPhotoBrowser.m */ = {isa = PBXFileReference; fileEncoding = 4; lastKnownFileType = sourcecode.c.objc; path = SDPhotoBrowser.m; sourceTree = "<group>"; };
		F3F9AAC41DED710F006E48D2 /* SDPhotoBrowserConfig.h */ = {isa = PBXFileReference; fileEncoding = 4; lastKnownFileType = sourcecode.c.h; path = SDPhotoBrowserConfig.h; sourceTree = "<group>"; };
		F3F9AAC51DED710F006E48D2 /* SDWaitingView.h */ = {isa = PBXFileReference; fileEncoding = 4; lastKnownFileType = sourcecode.c.h; path = SDWaitingView.h; sourceTree = "<group>"; };
		F3F9AAC61DED710F006E48D2 /* SDWaitingView.m */ = {isa = PBXFileReference; fileEncoding = 4; lastKnownFileType = sourcecode.c.objc; path = SDWaitingView.m; sourceTree = "<group>"; };
		F3F9AACA1DED723D006E48D2 /* SDTimeLineCellModel.h */ = {isa = PBXFileReference; fileEncoding = 4; lastKnownFileType = sourcecode.c.h; path = SDTimeLineCellModel.h; sourceTree = "<group>"; };
		F3F9AACB1DED723D006E48D2 /* SDTimeLineCellModel.m */ = {isa = PBXFileReference; fileEncoding = 4; lastKnownFileType = sourcecode.c.objc; path = SDTimeLineCellModel.m; sourceTree = "<group>"; };
/* End PBXFileReference section */

/* Begin PBXFrameworksBuildPhase section */
		F39265EB1DE7D3B50064B8B2 /* Frameworks */ = {
			isa = PBXFrameworksBuildPhase;
			buildActionMask = 2147483647;
			files = (
				0FC1CEC08DD9AD0411CF533F /* libPods-LoveLove.a in Frameworks */,
			);
			runOnlyForDeploymentPostprocessing = 0;
		};
/* End PBXFrameworksBuildPhase section */

/* Begin PBXGroup section */
		25DEFAAD2A78A23766B93A29 /* Frameworks */ = {
			isa = PBXGroup;
			children = (
				8987CABA59A6ECAC4129B6C8 /* libPods-LoveLove.a */,
			);
			name = Frameworks;
			sourceTree = "<group>";
		};
		BEB73A885542E1132D87ED8A /* Pods */ = {
			isa = PBXGroup;
			children = (
				055EC4880ADF29C4374462CA /* Pods-LoveLove.debug.xcconfig */,
				128058612E0513219931AC9C /* Pods-LoveLove.release.xcconfig */,
			);
			name = Pods;
			sourceTree = "<group>";
		};
		F30058C61DEDD22A00DD5F35 /* liufeier */ = {
			isa = PBXGroup;
			children = (
				F30058C71DEDD22A00DD5F35 /* liu1.jpg */,
				F30058C81DEDD22A00DD5F35 /* liu10.jpg */,
				F30058C91DEDD22A00DD5F35 /* liu11.jpg */,
				F30058CA1DEDD22A00DD5F35 /* liu12.jpg */,
				F30058CB1DEDD22A00DD5F35 /* liu13.jpg */,
				F30058CC1DEDD22A00DD5F35 /* liu14.jpg */,
				F30058CD1DEDD22A00DD5F35 /* liu15.jpg */,
				F30058CE1DEDD22A00DD5F35 /* liu16.jpg */,
				F30058CF1DEDD22A00DD5F35 /* liu17.jpg */,
				F30058D01DEDD22A00DD5F35 /* liu18.jpg */,
				F30058D11DEDD22A00DD5F35 /* liu19.jpg */,
				F30058D21DEDD22A00DD5F35 /* liu2.jpg */,
				F30058D31DEDD22A00DD5F35 /* liu20.jpg */,
				F30058D41DEDD22A00DD5F35 /* liu21.jpg */,
				F30058D51DEDD22A00DD5F35 /* liu22.jpg */,
				F30058D61DEDD22A00DD5F35 /* liu23.jpg */,
				F30058D71DEDD22A00DD5F35 /* liu24.jpg */,
				F30058D81DEDD22A00DD5F35 /* liu25.jpg */,
				F30058D91DEDD22A00DD5F35 /* liu26.jpg */,
				F30058DA1DEDD22A00DD5F35 /* liu27.jpg */,
				F30058DB1DEDD22A00DD5F35 /* liu28.jpg */,
				F30058DC1DEDD22A00DD5F35 /* liu29.jpg */,
				F30058DD1DEDD22A00DD5F35 /* liu3.jpg */,
				F30058DE1DEDD22A00DD5F35 /* liu30.jpg */,
				F30058DF1DEDD22A00DD5F35 /* liu31.jpg */,
				F30058E01DEDD22A00DD5F35 /* liu32.jpg */,
				F30058E11DEDD22A00DD5F35 /* liu33.jpg */,
				F30058E21DEDD22A00DD5F35 /* liu34.jpg */,
				F30058E31DEDD22A00DD5F35 /* liu35.jpg */,
				F30058E41DEDD22A00DD5F35 /* liu36.jpg */,
				F30058E51DEDD22A00DD5F35 /* liu37.jpg */,
				F30058E61DEDD22A00DD5F35 /* liu38.jpg */,
				F30058E71DEDD22A00DD5F35 /* liu39.jpg */,
				F30058E81DEDD22A00DD5F35 /* liu4.jpg */,
				F30058E91DEDD22A00DD5F35 /* liu5.jpg */,
				F30058EA1DEDD22A00DD5F35 /* liu6.jpg */,
				F30058EB1DEDD22A00DD5F35 /* liu7.jpg */,
				F30058EC1DEDD22A00DD5F35 /* liu8.jpg */,
				F30058ED1DEDD22A00DD5F35 /* liu9.jpg */,
			);
			path = liufeier;
			sourceTree = "<group>";
		};
		F30058EE1DEDD22A00DD5F35 /* xiamo */ = {
			isa = PBXGroup;
			children = (
				F30058EF1DEDD22A00DD5F35 /* xiamo1.jpg */,
				F30058F01DEDD22A00DD5F35 /* xiamo10.jpg */,
				F30058F11DEDD22A00DD5F35 /* xiamo11.jpg */,
				F30058F21DEDD22A00DD5F35 /* xiamo12.jpg */,
				F30058F31DEDD22A00DD5F35 /* xiamo13.jpg */,
				F30058F41DEDD22A00DD5F35 /* xiamo14.jpg */,
				F30058F51DEDD22A00DD5F35 /* xiamo15.jpg */,
				F30058F61DEDD22A00DD5F35 /* xiamo16.jpg */,
				F30058F71DEDD22A00DD5F35 /* xiamo17.jpg */,
				F30058F81DEDD22A00DD5F35 /* xiamo18.jpg */,
				F30058F91DEDD22A00DD5F35 /* xiamo19.jpg */,
				F30058FA1DEDD22A00DD5F35 /* xiamo2.jpg */,
				F30058FB1DEDD22A00DD5F35 /* xiamo20.jpg */,
				F30058FC1DEDD22A00DD5F35 /* xiamo3.jpg */,
				F30058FD1DEDD22A00DD5F35 /* xiamo4.jpg */,
				F30058FE1DEDD22A00DD5F35 /* xiamo5.jpg */,
				F30058FF1DEDD22A00DD5F35 /* xiamo6.jpg */,
				F30059001DEDD22A00DD5F35 /* xiamo7.jpg */,
				F30059011DEDD22A00DD5F35 /* xiamo8.jpg */,
				F30059021DEDD22A00DD5F35 /* xiamo9.jpg */,
			);
			path = xiamo;
			sourceTree = "<group>";
		};
		F35A6E5E1DEBBD380040D81D /* AlbumCollection */ = {
			isa = PBXGroup;
			children = (
				F35A6E631DEBBD380040D81D /* PhotoAlbumViewController.h */,
				F35A6E641DEBBD380040D81D /* PhotoAlbumViewController.m */,
				F35A6E5F1DEBBD380040D81D /* AlbumCollectionViewCell.h */,
				F35A6E601DEBBD380040D81D /* AlbumCollectionViewCell.m */,
				F35A6E611DEBBD380040D81D /* AlbumCollectionViewLineLayout.h */,
				F35A6E621DEBBD380040D81D /* AlbumCollectionViewLineLayout.m */,
			);
			path = AlbumCollection;
			sourceTree = "<group>";
		};
		F35FE52E1DE91ABF00766944 /* SlimeRefresh */ = {
			isa = PBXGroup;
			children = (
				F35FE52F1DE91ABF00766944 /* sr_refresh.png */,
				F35FE5301DE91ABF00766944 /* sr_refresh@2X.png */,
				F35FE5311DE91ABF00766944 /* SRDefine.h */,
				F35FE5321DE91ABF00766944 /* SRRefreshView.h */,
				F35FE5331DE91ABF00766944 /* SRRefreshView.m */,
				F35FE5341DE91ABF00766944 /* SRSlimeView.h */,
				F35FE5351DE91ABF00766944 /* SRSlimeView.m */,
			);
			path = SlimeRefresh;
			sourceTree = "<group>";
		};
		F35FE5531DE92C6000766944 /* WaterLayout */ = {
			isa = PBXGroup;
			children = (
				F35FE5611DE92CB800766944 /* WaterLayoutViewController.h */,
				F35FE5621DE92CB800766944 /* WaterLayoutViewController.m */,
				F35FE5551DE92C6000766944 /* HomeWaterImage.h */,
				F35FE5561DE92C6000766944 /* HomeWaterImage.m */,
				F35FE5571DE92C6000766944 /* WaterCollectionViewCell.h */,
				F35FE5581DE92C6000766944 /* WaterCollectionViewCell.m */,
				F35FE5591DE92C6000766944 /* WaterCollectionViewCell.xib */,
				F35FE55A1DE92C6000766944 /* WaterfallLayout.h */,
				F35FE55B1DE92C6000766944 /* WaterfallLayout.m */,
				F35FE5541DE92C6000766944 /* WaterList1.plist */,
				F35FE56F1DE9717E00766944 /* WaterList2.plist */,
			);
			path = WaterLayout;
			sourceTree = "<group>";
		};
		F35FE5711DE976B000766944 /* Resources */ = {
			isa = PBXGroup;
			children = (
				F30058C61DEDD22A00DD5F35 /* liufeier */,
				F30058EE1DEDD22A00DD5F35 /* xiamo */,
			);
			path = Resources;
			sourceTree = "<group>";
		};
		F37E07811DE8673E00845118 /* SDCycleScrollView */ = {
			isa = PBXGroup;
			children = (
				F37E07821DE8673E00845118 /* PageControl */,
				F37E078B1DE8673E00845118 /* SDCollectionViewCell.h */,
				F37E078C1DE8673E00845118 /* SDCollectionViewCell.m */,
				F37E078D1DE8673E00845118 /* SDCycleScrollView.h */,
				F37E078E1DE8673E00845118 /* SDCycleScrollView.m */,
				F37E078F1DE8673E00845118 /* UIView+SDExtension.h */,
				F37E07901DE8673E00845118 /* UIView+SDExtension.m */,
			);
			path = SDCycleScrollView;
			sourceTree = "<group>";
		};
		F37E07821DE8673E00845118 /* PageControl */ = {
			isa = PBXGroup;
			children = (
				F37E07831DE8673E00845118 /* TAAbstractDotView.h */,
				F37E07841DE8673E00845118 /* TAAbstractDotView.m */,
				F37E07851DE8673E00845118 /* TAAnimatedDotView.h */,
				F37E07861DE8673E00845118 /* TAAnimatedDotView.m */,
				F37E07871DE8673E00845118 /* TADotView.h */,
				F37E07881DE8673E00845118 /* TADotView.m */,
				F37E07891DE8673E00845118 /* TAPageControl.h */,
				F37E078A1DE8673E00845118 /* TAPageControl.m */,
			);
			path = PageControl;
			sourceTree = "<group>";
		};
		F37E07981DE87F3C00845118 /* Footer */ = {
			isa = PBXGroup;
			children = (
				F35FE5431DE91CB300766944 /* MemeoryTimeTableViewController.h */,
				F35FE5441DE91CB300766944 /* MemeoryTimeTableViewController.m */,
			);
			path = Footer;
			sourceTree = "<group>";
		};
		F37E07991DE87F3C00845118 /* Header */ = {
			isa = PBXGroup;
			children = (
				F35A6EA11DEC2A350040D81D /* HomeHeaderView.h */,
				F35A6EA21DEC2A350040D81D /* HomeHeaderView.m */,
				F35FE5261DE9156500766944 /* QMNavigateCollectionViewCell.h */,
				F35FE5271DE9156500766944 /* QMNavigateCollectionViewCell.m */,
				F35FE5281DE9156500766944 /* QMNavigateCollectionViewCell.xib */,
			);
			path = Header;
			sourceTree = "<group>";
		};
		F38485BD1DEE6476009C174E /* Main */ = {
			isa = PBXGroup;
			children = (
				F38485BE1DEE6476009C174E /* ComNavigationController.h */,
				F38485BF1DEE6476009C174E /* ComNavigationController.m */,
				F38485C01DEE6476009C174E /* ComTabBarController.h */,
				F38485C11DEE6476009C174E /* ComTabBarController.m */,
			);
			path = Main;
			sourceTree = "<group>";
		};
		F39265E51DE7D3B50064B8B2 = {
			isa = PBXGroup;
			children = (
				F39265F01DE7D3B50064B8B2 /* LoveLove */,
				F39265EF1DE7D3B50064B8B2 /* Products */,
				BEB73A885542E1132D87ED8A /* Pods */,
				25DEFAAD2A78A23766B93A29 /* Frameworks */,
			);
			sourceTree = "<group>";
		};
		F39265EF1DE7D3B50064B8B2 /* Products */ = {
			isa = PBXGroup;
			children = (
				F39265EE1DE7D3B50064B8B2 /* LoveLove.app */,
			);
			name = Products;
			sourceTree = "<group>";
		};
		F39265F01DE7D3B50064B8B2 /* LoveLove */ = {
			isa = PBXGroup;
			children = (
				F39265F41DE7D3B50064B8B2 /* AppDelegate.h */,
				F39265F51DE7D3B50064B8B2 /* AppDelegate.m */,
				F3F9AA541DED3F0A006E48D2 /* Model.db */,
				F35FE5711DE976B000766944 /* Resources */,
				F39266421DE7E8A70064B8B2 /* Modules */,
				F39266A21DE811CF0064B8B2 /* Components */,
				F392663A1DE7E8A70064B8B2 /* Categories */,
				F392663D1DE7E8A70064B8B2 /* Models */,
				F39266081DE7D3BC0064B8B2 /* Others */,
				F39265F11DE7D3B50064B8B2 /* Supporting Files */,
				F39266311DE7E4720064B8B2 /* PrefixHeader.pch */,
				F35FE5401DE91BF700766944 /* QMUtil.h */,
				F35FE5411DE91BF700766944 /* QMUtil.m */,
			);
			path = LoveLove;
			sourceTree = "<group>";
		};
		F39265F11DE7D3B50064B8B2 /* Supporting Files */ = {
			isa = PBXGroup;
			children = (
				F39265F21DE7D3B50064B8B2 /* main.m */,
			);
			name = "Supporting Files";
			sourceTree = "<group>";
		};
		F39266081DE7D3BC0064B8B2 /* Others */ = {
			isa = PBXGroup;
			children = (
				F38485C71DEE6E0E009C174E /* ViewController.h */,
				F38485C81DEE6E0E009C174E /* ViewController.m */,
				F39265FA1DE7D3B50064B8B2 /* Main.storyboard */,
				F39265FD1DE7D3B50064B8B2 /* Assets.xcassets */,
				F39265FF1DE7D3B50064B8B2 /* LaunchScreen.storyboard */,
				F39266021DE7D3B50064B8B2 /* Info.plist */,
			);
			name = Others;
			sourceTree = "<group>";
		};
		F392663A1DE7E8A70064B8B2 /* Categories */ = {
			isa = PBXGroup;
			children = (
				F35A6E851DEBD2240040D81D /* NSObject+Property.h */,
				F35A6E861DEBD2240040D81D /* NSObject+Property.m */,
				F35FE54F1DE91F8D00766944 /* MBProgressHUD+QM.h */,
				F35FE5501DE91F8D00766944 /* MBProgressHUD+QM.m */,
				F35FE5511DE91F8D00766944 /* PrefixHeader.pch */,
				F35FE5491DE91D3500766944 /* UIView+UIViewFrame.h */,
				F35FE54A1DE91D3500766944 /* UIView+UIViewFrame.m */,
				F37E077C1DE85F0D00845118 /* UIAlertController+Blocks.h */,
				F37E077D1DE85F0D00845118 /* UIAlertController+Blocks.m */,
				F39266AC1DE830DC0064B8B2 /* UIImageView+NetworkMonitor.h */,
				F39266AD1DE830DC0064B8B2 /* UIImageView+NetworkMonitor.m */,
				F392663B1DE7E8A70064B8B2 /* UIColor+HexStringToColor.h */,
				F392663C1DE7E8A70064B8B2 /* UIColor+HexStringToColor.m */,
				F35FE53A1DE91B5300766944 /* NSObject+PerformBlockAfterDelay.h */,
				F35FE53B1DE91B5300766944 /* NSObject+PerformBlockAfterDelay.m */,
			);
			path = Categories;
			sourceTree = "<group>";
		};
		F392663D1DE7E8A70064B8B2 /* Models */ = {
			isa = PBXGroup;
			children = (
				F35FE54C1DE91D7100766944 /* MemoryTimeModel.h */,
				F35FE54D1DE91D7100766944 /* MemoryTimeModel.m */,
				F392665A1DE7E8E00064B8B2 /* AppModel.h */,
				F392665B1DE7E8E00064B8B2 /* AppModel.m */,
				F392665C1DE7E8E00064B8B2 /* FMDBManagers.h */,
				F392665D1DE7E8E00064B8B2 /* FMDBManagers.m */,
			);
			path = Models;
			sourceTree = "<group>";
		};
		F39266421DE7E8A70064B8B2 /* Modules */ = {
			isa = PBXGroup;
			children = (
				F38485BD1DEE6476009C174E /* Main */,
				F39266431DE7E8A70064B8B2 /* Base */,
				F392664D1DE7E8A70064B8B2 /* Home */,
				F392664A1DE7E8A70064B8B2 /* Center */,
			);
			path = Modules;
			sourceTree = "<group>";
		};
		F39266431DE7E8A70064B8B2 /* Base */ = {
			isa = PBXGroup;
			children = (
				F35FE59B1DE9895800766944 /* ComWebViewController.h */,
				F35FE59C1DE9895800766944 /* ComWebViewController.m */,
				F35FE52B1DE91A3000766944 /* ComBaseTableViewController.h */,
				F35FE52C1DE91A3000766944 /* ComBaseTableViewController.m */,
				F39266441DE7E8A70064B8B2 /* ComBaseViewController.h */,
				F39266451DE7E8A70064B8B2 /* ComBaseViewController.m */,
			);
			path = Base;
			sourceTree = "<group>";
		};
		F392664A1DE7E8A70064B8B2 /* Center */ = {
			isa = PBXGroup;
			children = (
				F392664B1DE7E8A70064B8B2 /* CenterViewController.h */,
				F392664C1DE7E8A70064B8B2 /* CenterViewController.m */,
			);
			path = Center;
			sourceTree = "<group>";
		};
		F392664D1DE7E8A70064B8B2 /* Home */ = {
			isa = PBXGroup;
			children = (
				F392664E1DE7E8A70064B8B2 /* HomeViewController.h */,
				F392664F1DE7E8A70064B8B2 /* HomeViewController.m */,
				F3F9AA691DED5566006E48D2 /* PersonCenter */,
				F39266A71DE815EA0064B8B2 /* MyLoveViewController.h */,
				F39266A81DE815EA0064B8B2 /* MyLoveViewController.m */,
				F35FE59E1DE989AB00766944 /* WebDetailsViewController.h */,
				F35FE59F1DE989AB00766944 /* WebDetailsViewController.m */,
				F35A6E5E1DEBBD380040D81D /* AlbumCollection */,
				F35FE5531DE92C6000766944 /* WaterLayout */,
				F37E07991DE87F3C00845118 /* Header */,
				F37E07981DE87F3C00845118 /* Footer */,
			);
			path = Home;
			sourceTree = "<group>";
		};
		F39266A21DE811CF0064B8B2 /* Components */ = {
			isa = PBXGroup;
			children = (
				F38485C41DEE6DA9009C174E /* TouchWindow.h */,
				F38485C51DEE6DA9009C174E /* TouchWindow.m */,
				F38D7DA01DEAC63A0066EA92 /* FXBlurView.h */,
				F38D7DA11DEAC63A0066EA92 /* FXBlurView.m */,
				F35FE52E1DE91ABF00766944 /* SlimeRefresh */,
				F37E07811DE8673E00845118 /* SDCycleScrollView */,
				F39266A31DE811CF0064B8B2 /* ToTopButton */,
			);
			path = Components;
			sourceTree = "<group>";
		};
		F39266A31DE811CF0064B8B2 /* ToTopButton */ = {
			isa = PBXGroup;
			children = (
				F35FE56A1DE95E6600766944 /* ToViewTopButton.h */,
				F35FE56B1DE95E6600766944 /* ToViewTopButton.m */,
			);
			path = ToTopButton;
			sourceTree = "<group>";
		};
		F3F9AA691DED5566006E48D2 /* PersonCenter */ = {
			isa = PBXGroup;
			children = (
				F3F9AA6F1DED5566006E48D2 /* PersonCenterViewController.h */,
				F3F9AA701DED5566006E48D2 /* PersonCenterViewController.m */,
				F3F9AAB81DED6D25006E48D2 /* CircleFriends */,
				F3F9AA741DED5599006E48D2 /* SXFiveScore */,
				F3F9AA6A1DED5566006E48D2 /* NavHeader */,
			);
			path = PersonCenter;
			sourceTree = "<group>";
		};
		F3F9AA6A1DED5566006E48D2 /* NavHeader */ = {
			isa = PBXGroup;
			children = (
				F3F9AA6B1DED5566006E48D2 /* HeadImageView.h */,
				F3F9AA6C1DED5566006E48D2 /* HeadImageView.m */,
				F3F9AA6D1DED5566006E48D2 /* NavHeadTitleView.h */,
				F3F9AA6E1DED5566006E48D2 /* NavHeadTitleView.m */,
			);
			path = NavHeader;
			sourceTree = "<group>";
		};
		F3F9AA741DED5599006E48D2 /* SXFiveScore */ = {
			isa = PBXGroup;
			children = (
				F3F9AA751DED5599006E48D2 /* SXAnimateVIew.h */,
				F3F9AA761DED5599006E48D2 /* SXAnimateVIew.m */,
				F3F9AA771DED5599006E48D2 /* SXFiveScoreCell.h */,
				F3F9AA781DED5599006E48D2 /* SXFiveScoreCell.m */,
				F3F9AA791DED5599006E48D2 /* SXFiveScoreCell.xib */,
			);
			path = SXFiveScore;
			sourceTree = "<group>";
		};
		F3F9AAB81DED6D25006E48D2 /* CircleFriends */ = {
			isa = PBXGroup;
			children = (
				F3F9AAB91DED6D25006E48D2 /* CircleFriendsTableViewCell.h */,
				F3F9AABA1DED6D25006E48D2 /* CircleFriendsTableViewCell.m */,
				F3F9AABC1DED70F4006E48D2 /* SDWeiXinPhotoContainerView.h */,
				F3F9AABD1DED70F4006E48D2 /* SDWeiXinPhotoContainerView.m */,
				F3F9AACA1DED723D006E48D2 /* SDTimeLineCellModel.h */,
				F3F9AACB1DED723D006E48D2 /* SDTimeLineCellModel.m */,
				F3F9AABF1DED710F006E48D2 /* SDPhotoBrowser */,
			);
			path = CircleFriends;
			sourceTree = "<group>";
		};
		F3F9AABF1DED710F006E48D2 /* SDPhotoBrowser */ = {
			isa = PBXGroup;
			children = (
				F3F9AAC01DED710F006E48D2 /* SDBrowserImageView.h */,
				F3F9AAC11DED710F006E48D2 /* SDBrowserImageView.m */,
				F3F9AAC21DED710F006E48D2 /* SDPhotoBrowser.h */,
				F3F9AAC31DED710F006E48D2 /* SDPhotoBrowser.m */,
				F3F9AAC41DED710F006E48D2 /* SDPhotoBrowserConfig.h */,
				F3F9AAC51DED710F006E48D2 /* SDWaitingView.h */,
				F3F9AAC61DED710F006E48D2 /* SDWaitingView.m */,
			);
			path = SDPhotoBrowser;
			sourceTree = "<group>";
		};
/* End PBXGroup section */

/* Begin PBXNativeTarget section */
		F39265ED1DE7D3B50064B8B2 /* LoveLove */ = {
			isa = PBXNativeTarget;
			buildConfigurationList = F39266051DE7D3B50064B8B2 /* Build configuration list for PBXNativeTarget "LoveLove" */;
			buildPhases = (
				C6A5DFA279F64260577010CA /* [CP] Check Pods Manifest.lock */,
				F39265EA1DE7D3B50064B8B2 /* Sources */,
				F39265EB1DE7D3B50064B8B2 /* Frameworks */,
				F39265EC1DE7D3B50064B8B2 /* Resources */,
				42448DD54464287136114003 /* [CP] Embed Pods Frameworks */,
				F4E994FA967EA167EA6BEE5A /* [CP] Copy Pods Resources */,
			);
			buildRules = (
			);
			dependencies = (
			);
			name = LoveLove;
			productName = LoveLove;
			productReference = F39265EE1DE7D3B50064B8B2 /* LoveLove.app */;
			productType = "com.apple.product-type.application";
		};
/* End PBXNativeTarget section */

/* Begin PBXProject section */
		F39265E61DE7D3B50064B8B2 /* Project object */ = {
			isa = PBXProject;
			attributes = {
				CLASSPREFIX = "";
				LastUpgradeCheck = 0810;
				ORGANIZATIONNAME = "宇玄丶";
				TargetAttributes = {
					F39265ED1DE7D3B50064B8B2 = {
						CreatedOnToolsVersion = 8.1;
						DevelopmentTeam = KK59AKUJZC;
						ProvisioningStyle = Automatic;
					};
				};
			};
			buildConfigurationList = F39265E91DE7D3B50064B8B2 /* Build configuration list for PBXProject "LoveLove" */;
			compatibilityVersion = "Xcode 3.2";
			developmentRegion = English;
			hasScannedForEncodings = 0;
			knownRegions = (
				en,
				Base,
			);
			mainGroup = F39265E51DE7D3B50064B8B2;
			productRefGroup = F39265EF1DE7D3B50064B8B2 /* Products */;
			projectDirPath = "";
			projectRoot = "";
			targets = (
				F39265ED1DE7D3B50064B8B2 /* LoveLove */,
			);
		};
/* End PBXProject section */

/* Begin PBXResourcesBuildPhase section */
		F39265EC1DE7D3B50064B8B2 /* Resources */ = {
			isa = PBXResourcesBuildPhase;
			buildActionMask = 2147483647;
			files = (
				F35FE5371DE91ABF00766944 /* sr_refresh@2X.png in Resources */,
				F300591B1DEDD22B00DD5F35 /* liu31.jpg in Resources */,
				F300590F1DEDD22A00DD5F35 /* liu20.jpg in Resources */,
				F30059391DEDD22B00DD5F35 /* xiamo5.jpg in Resources */,
				F30059311DEDD22B00DD5F35 /* xiamo16.jpg in Resources */,
				F300592D1DEDD22B00DD5F35 /* xiamo12.jpg in Resources */,
				F30059031DEDD22A00DD5F35 /* liu1.jpg in Resources */,
				F300590B1DEDD22A00DD5F35 /* liu17.jpg in Resources */,
				F300590C1DEDD22A00DD5F35 /* liu18.jpg in Resources */,
				F30059271DEDD22B00DD5F35 /* liu7.jpg in Resources */,
				F30059101DEDD22A00DD5F35 /* liu21.jpg in Resources */,
				F30059261DEDD22B00DD5F35 /* liu6.jpg in Resources */,
				F30059131DEDD22A00DD5F35 /* liu24.jpg in Resources */,
				F300593C1DEDD22B00DD5F35 /* xiamo8.jpg in Resources */,
				F30059151DEDD22A00DD5F35 /* liu26.jpg in Resources */,
				F30059171DEDD22B00DD5F35 /* liu28.jpg in Resources */,
				F39266011DE7D3B50064B8B2 /* LaunchScreen.storyboard in Resources */,
				F35FE52A1DE9156500766944 /* QMNavigateCollectionViewCell.xib in Resources */,
				F30059341DEDD22B00DD5F35 /* xiamo19.jpg in Resources */,
				F30059191DEDD22B00DD5F35 /* liu3.jpg in Resources */,
				F30059221DEDD22B00DD5F35 /* liu38.jpg in Resources */,
				F30059351DEDD22B00DD5F35 /* xiamo2.jpg in Resources */,
				F300593A1DEDD22B00DD5F35 /* xiamo6.jpg in Resources */,
				F30059091DEDD22A00DD5F35 /* liu15.jpg in Resources */,
				F30059161DEDD22B00DD5F35 /* liu27.jpg in Resources */,
				F39265FE1DE7D3B50064B8B2 /* Assets.xcassets in Resources */,
				F30059141DEDD22A00DD5F35 /* liu25.jpg in Resources */,
				F30059181DEDD22B00DD5F35 /* liu29.jpg in Resources */,
				F30059281DEDD22B00DD5F35 /* liu8.jpg in Resources */,
				F30059061DEDD22A00DD5F35 /* liu12.jpg in Resources */,
				F30059111DEDD22A00DD5F35 /* liu22.jpg in Resources */,
				F300592B1DEDD22B00DD5F35 /* xiamo10.jpg in Resources */,
				F30059381DEDD22B00DD5F35 /* xiamo4.jpg in Resources */,
				F35FE5361DE91ABF00766944 /* sr_refresh.png in Resources */,
				F30059321DEDD22B00DD5F35 /* xiamo17.jpg in Resources */,
				F3F9AA551DED3F0A006E48D2 /* Model.db in Resources */,
				F300593D1DEDD22B00DD5F35 /* xiamo9.jpg in Resources */,
				F30059251DEDD22B00DD5F35 /* liu5.jpg in Resources */,
				F30059371DEDD22B00DD5F35 /* xiamo3.jpg in Resources */,
				F300590A1DEDD22A00DD5F35 /* liu16.jpg in Resources */,
				F300591C1DEDD22B00DD5F35 /* liu32.jpg in Resources */,
				F30059121DEDD22A00DD5F35 /* liu23.jpg in Resources */,
				F39265FC1DE7D3B50064B8B2 /* Main.storyboard in Resources */,
				F3F9AA7C1DED5599006E48D2 /* SXFiveScoreCell.xib in Resources */,
				F300592A1DEDD22B00DD5F35 /* xiamo1.jpg in Resources */,
				F30059331DEDD22B00DD5F35 /* xiamo18.jpg in Resources */,
				F300592C1DEDD22B00DD5F35 /* xiamo11.jpg in Resources */,
				F300590D1DEDD22A00DD5F35 /* liu19.jpg in Resources */,
				F30059041DEDD22A00DD5F35 /* liu10.jpg in Resources */,
				F30059301DEDD22B00DD5F35 /* xiamo15.jpg in Resources */,
				F30059081DEDD22A00DD5F35 /* liu14.jpg in Resources */,
				F30059071DEDD22A00DD5F35 /* liu13.jpg in Resources */,
				F300591A1DEDD22B00DD5F35 /* liu30.jpg in Resources */,
				F300591D1DEDD22B00DD5F35 /* liu33.jpg in Resources */,
				F300591E1DEDD22B00DD5F35 /* liu34.jpg in Resources */,
				F35FE5701DE9717E00766944 /* WaterList2.plist in Resources */,
				F30059201DEDD22B00DD5F35 /* liu36.jpg in Resources */,
				F300590E1DEDD22A00DD5F35 /* liu2.jpg in Resources */,
				F300592F1DEDD22B00DD5F35 /* xiamo14.jpg in Resources */,
				F30059231DEDD22B00DD5F35 /* liu39.jpg in Resources */,
				F30059241DEDD22B00DD5F35 /* liu4.jpg in Resources */,
				F35FE55C1DE92C6000766944 /* WaterList1.plist in Resources */,
				F300591F1DEDD22B00DD5F35 /* liu35.jpg in Resources */,
				F30059291DEDD22B00DD5F35 /* liu9.jpg in Resources */,
				F30059361DEDD22B00DD5F35 /* xiamo20.jpg in Resources */,
				F35FE55F1DE92C6100766944 /* WaterCollectionViewCell.xib in Resources */,
				F300592E1DEDD22B00DD5F35 /* xiamo13.jpg in Resources */,
				F30059051DEDD22A00DD5F35 /* liu11.jpg in Resources */,
				F30059211DEDD22B00DD5F35 /* liu37.jpg in Resources */,
				F300593B1DEDD22B00DD5F35 /* xiamo7.jpg in Resources */,
			);
			runOnlyForDeploymentPostprocessing = 0;
		};
/* End PBXResourcesBuildPhase section */

/* Begin PBXShellScriptBuildPhase section */
		42448DD54464287136114003 /* [CP] Embed Pods Frameworks */ = {
			isa = PBXShellScriptBuildPhase;
			buildActionMask = 2147483647;
			files = (
			);
			inputPaths = (
			);
			name = "[CP] Embed Pods Frameworks";
			outputPaths = (
			);
			runOnlyForDeploymentPostprocessing = 0;
			shellPath = /bin/sh;
			shellScript = "\"${SRCROOT}/Pods/Target Support Files/Pods-LoveLove/Pods-LoveLove-frameworks.sh\"\n";
			showEnvVarsInLog = 0;
		};
		C6A5DFA279F64260577010CA /* [CP] Check Pods Manifest.lock */ = {
			isa = PBXShellScriptBuildPhase;
			buildActionMask = 2147483647;
			files = (
			);
			inputPaths = (
			);
			name = "[CP] Check Pods Manifest.lock";
			outputPaths = (
			);
			runOnlyForDeploymentPostprocessing = 0;
			shellPath = /bin/sh;
			shellScript = "diff \"${PODS_ROOT}/../Podfile.lock\" \"${PODS_ROOT}/Manifest.lock\" > /dev/null\nif [[ $? != 0 ]] ; then\n    cat << EOM\nerror: The sandbox is not in sync with the Podfile.lock. Run 'pod install' or update your CocoaPods installation.\nEOM\n    exit 1\nfi\n";
			showEnvVarsInLog = 0;
		};
		F4E994FA967EA167EA6BEE5A /* [CP] Copy Pods Resources */ = {
			isa = PBXShellScriptBuildPhase;
			buildActionMask = 2147483647;
			files = (
			);
			inputPaths = (
			);
			name = "[CP] Copy Pods Resources";
			outputPaths = (
			);
			runOnlyForDeploymentPostprocessing = 0;
			shellPath = /bin/sh;
			shellScript = "\"${SRCROOT}/Pods/Target Support Files/Pods-LoveLove/Pods-LoveLove-resources.sh\"\n";
			showEnvVarsInLog = 0;
		};
/* End PBXShellScriptBuildPhase section */

/* Begin PBXSourcesBuildPhase section */
		F39265EA1DE7D3B50064B8B2 /* Sources */ = {
			isa = PBXSourcesBuildPhase;
			buildActionMask = 2147483647;
			files = (
				F35A6EA31DEC2A350040D81D /* HomeHeaderView.m in Sources */,
				F35FE53C1DE91B5300766944 /* NSObject+PerformBlockAfterDelay.m in Sources */,
				F37E077E1DE85F0D00845118 /* UIAlertController+Blocks.m in Sources */,
				F38D7DA21DEAC63A0066EA92 /* FXBlurView.m in Sources */,
				F35FE5631DE92CB800766944 /* WaterLayoutViewController.m in Sources */,
				F35FE52D1DE91A3000766944 /* ComBaseTableViewController.m in Sources */,
				F37E07921DE8673E00845118 /* TAAnimatedDotView.m in Sources */,
				F35FE54B1DE91D3500766944 /* UIView+UIViewFrame.m in Sources */,
				F35FE5391DE91ABF00766944 /* SRSlimeView.m in Sources */,
				F3F9AACC1DED723D006E48D2 /* SDTimeLineCellModel.m in Sources */,
				F35FE55E1DE92C6100766944 /* WaterCollectionViewCell.m in Sources */,
				F38485C31DEE6476009C174E /* ComTabBarController.m in Sources */,
				F35FE5521DE91F8D00766944 /* MBProgressHUD+QM.m in Sources */,
				F39266551DE7E8A70064B8B2 /* ComBaseViewController.m in Sources */,
				F35FE5291DE9156500766944 /* QMNavigateCollectionViewCell.m in Sources */,
				F39266AE1DE830DC0064B8B2 /* UIImageView+NetworkMonitor.m in Sources */,
				F3F9AA721DED5566006E48D2 /* NavHeadTitleView.m in Sources */,
				F3F9AAC91DED710F006E48D2 /* SDWaitingView.m in Sources */,
				F35FE56C1DE95E6600766944 /* ToViewTopButton.m in Sources */,
				F37E07971DE8673E00845118 /* UIView+SDExtension.m in Sources */,
				F39265F61DE7D3B50064B8B2 /* AppDelegate.m in Sources */,
				F37E07931DE8673E00845118 /* TADotView.m in Sources */,
				F38485C21DEE6476009C174E /* ComNavigationController.m in Sources */,
				F392665F1DE7E8E00064B8B2 /* FMDBManagers.m in Sources */,
				F37E07951DE8673E00845118 /* SDCollectionViewCell.m in Sources */,
				F35A6E871DEBD2240040D81D /* NSObject+Property.m in Sources */,
				F3F9AABB1DED6D25006E48D2 /* CircleFriendsTableViewCell.m in Sources */,
				F35FE5601DE92C6100766944 /* WaterfallLayout.m in Sources */,
				F35FE5A01DE989AB00766944 /* WebDetailsViewController.m in Sources */,
				F35FE55D1DE92C6000766944 /* HomeWaterImage.m in Sources */,
				F3F9AAC71DED710F006E48D2 /* SDBrowserImageView.m in Sources */,
				F39265F31DE7D3B50064B8B2 /* main.m in Sources */,
				F35A6E651DEBBD380040D81D /* AlbumCollectionViewCell.m in Sources */,
				F3F9AABE1DED70F4006E48D2 /* SDWeiXinPhotoContainerView.m in Sources */,
				F35FE5381DE91ABF00766944 /* SRRefreshView.m in Sources */,
				F3F9AA731DED5566006E48D2 /* PersonCenterViewController.m in Sources */,
				F3F9AAC81DED710F006E48D2 /* SDPhotoBrowser.m in Sources */,
				F38485C61DEE6DA9009C174E /* TouchWindow.m in Sources */,
				F35A6E661DEBBD380040D81D /* AlbumCollectionViewLineLayout.m in Sources */,
				F39266591DE7E8A70064B8B2 /* HomeViewController.m in Sources */,
				F3F9AA7B1DED5599006E48D2 /* SXFiveScoreCell.m in Sources */,
				F35FE5451DE91CB300766944 /* MemeoryTimeTableViewController.m in Sources */,
				F38485C91DEE6E0E009C174E /* ViewController.m in Sources */,
				F37E07941DE8673E00845118 /* TAPageControl.m in Sources */,
				F39266521DE7E8A70064B8B2 /* UIColor+HexStringToColor.m in Sources */,
				F35A6E671DEBBD380040D81D /* PhotoAlbumViewController.m in Sources */,
				F3F9AA7A1DED5599006E48D2 /* SXAnimateVIew.m in Sources */,
				F35FE5421DE91BF700766944 /* QMUtil.m in Sources */,
				F37E07911DE8673E00845118 /* TAAbstractDotView.m in Sources */,
				F35FE54E1DE91D7100766944 /* MemoryTimeModel.m in Sources */,
				F37E07961DE8673E00845118 /* SDCycleScrollView.m in Sources */,
				F35FE59D1DE9895800766944 /* ComWebViewController.m in Sources */,
				F39266A91DE815EA0064B8B2 /* MyLoveViewController.m in Sources */,
				F392665E1DE7E8E00064B8B2 /* AppModel.m in Sources */,
				F3F9AA711DED5566006E48D2 /* HeadImageView.m in Sources */,
				F39266581DE7E8A70064B8B2 /* CenterViewController.m in Sources */,
			);
			runOnlyForDeploymentPostprocessing = 0;
		};
/* End PBXSourcesBuildPhase section */

/* Begin PBXVariantGroup section */
		F39265FA1DE7D3B50064B8B2 /* Main.storyboard */ = {
			isa = PBXVariantGroup;
			children = (
				F39265FB1DE7D3B50064B8B2 /* Base */,
			);
			name = Main.storyboard;
			sourceTree = "<group>";
		};
		F39265FF1DE7D3B50064B8B2 /* LaunchScreen.storyboard */ = {
			isa = PBXVariantGroup;
			children = (
				F39266001DE7D3B50064B8B2 /* Base */,
			);
			name = LaunchScreen.storyboard;
			sourceTree = "<group>";
		};
/* End PBXVariantGroup section */

/* Begin XCBuildConfiguration section */
		F39266031DE7D3B50064B8B2 /* Debug */ = {
			isa = XCBuildConfiguration;
			buildSettings = {
				ALWAYS_SEARCH_USER_PATHS = NO;
				CLANG_ANALYZER_NONNULL = YES;
				CLANG_CXX_LANGUAGE_STANDARD = "gnu++0x";
				CLANG_CXX_LIBRARY = "libc++";
				CLANG_ENABLE_MODULES = YES;
				CLANG_ENABLE_OBJC_ARC = YES;
				CLANG_WARN_BOOL_CONVERSION = YES;
				CLANG_WARN_CONSTANT_CONVERSION = YES;
				CLANG_WARN_DIRECT_OBJC_ISA_USAGE = YES_ERROR;
				CLANG_WARN_DOCUMENTATION_COMMENTS = YES;
				CLANG_WARN_EMPTY_BODY = YES;
				CLANG_WARN_ENUM_CONVERSION = YES;
				CLANG_WARN_INFINITE_RECURSION = YES;
				CLANG_WARN_INT_CONVERSION = YES;
				CLANG_WARN_OBJC_ROOT_CLASS = YES_ERROR;
				CLANG_WARN_SUSPICIOUS_MOVES = YES;
				CLANG_WARN_UNREACHABLE_CODE = YES;
				CLANG_WARN__DUPLICATE_METHOD_MATCH = YES;
				"CODE_SIGN_IDENTITY[sdk=iphoneos*]" = "iPhone Developer";
				COPY_PHASE_STRIP = NO;
				DEBUG_INFORMATION_FORMAT = dwarf;
				ENABLE_STRICT_OBJC_MSGSEND = YES;
				ENABLE_TESTABILITY = YES;
				GCC_C_LANGUAGE_STANDARD = gnu99;
				GCC_DYNAMIC_NO_PIC = NO;
				GCC_NO_COMMON_BLOCKS = YES;
				GCC_OPTIMIZATION_LEVEL = 0;
				GCC_PREPROCESSOR_DEFINITIONS = (
					"DEBUG=1",
					"$(inherited)",
				);
				GCC_WARN_64_TO_32_BIT_CONVERSION = YES;
				GCC_WARN_ABOUT_RETURN_TYPE = YES_ERROR;
				GCC_WARN_UNDECLARED_SELECTOR = YES;
				GCC_WARN_UNINITIALIZED_AUTOS = YES_AGGRESSIVE;
				GCC_WARN_UNUSED_FUNCTION = YES;
				GCC_WARN_UNUSED_VARIABLE = YES;
				IPHONEOS_DEPLOYMENT_TARGET = 10.1;
				MTL_ENABLE_DEBUG_INFO = YES;
				ONLY_ACTIVE_ARCH = YES;
				SDKROOT = iphoneos;
			};
			name = Debug;
		};
		F39266041DE7D3B50064B8B2 /* Release */ = {
			isa = XCBuildConfiguration;
			buildSettings = {
				ALWAYS_SEARCH_USER_PATHS = NO;
				CLANG_ANALYZER_NONNULL = YES;
				CLANG_CXX_LANGUAGE_STANDARD = "gnu++0x";
				CLANG_CXX_LIBRARY = "libc++";
				CLANG_ENABLE_MODULES = YES;
				CLANG_ENABLE_OBJC_ARC = YES;
				CLANG_WARN_BOOL_CONVERSION = YES;
				CLANG_WARN_CONSTANT_CONVERSION = YES;
				CLANG_WARN_DIRECT_OBJC_ISA_USAGE = YES_ERROR;
				CLANG_WARN_DOCUMENTATION_COMMENTS = YES;
				CLANG_WARN_EMPTY_BODY = YES;
				CLANG_WARN_ENUM_CONVERSION = YES;
				CLANG_WARN_INFINITE_RECURSION = YES;
				CLANG_WARN_INT_CONVERSION = YES;
				CLANG_WARN_OBJC_ROOT_CLASS = YES_ERROR;
				CLANG_WARN_SUSPICIOUS_MOVES = YES;
				CLANG_WARN_UNREACHABLE_CODE = YES;
				CLANG_WARN__DUPLICATE_METHOD_MATCH = YES;
				"CODE_SIGN_IDENTITY[sdk=iphoneos*]" = "iPhone Developer";
				COPY_PHASE_STRIP = NO;
				DEBUG_INFORMATION_FORMAT = "dwarf-with-dsym";
				ENABLE_NS_ASSERTIONS = NO;
				ENABLE_STRICT_OBJC_MSGSEND = YES;
				GCC_C_LANGUAGE_STANDARD = gnu99;
				GCC_NO_COMMON_BLOCKS = YES;
				GCC_WARN_64_TO_32_BIT_CONVERSION = YES;
				GCC_WARN_ABOUT_RETURN_TYPE = YES_ERROR;
				GCC_WARN_UNDECLARED_SELECTOR = YES;
				GCC_WARN_UNINITIALIZED_AUTOS = YES_AGGRESSIVE;
				GCC_WARN_UNUSED_FUNCTION = YES;
				GCC_WARN_UNUSED_VARIABLE = YES;
				IPHONEOS_DEPLOYMENT_TARGET = 10.1;
				MTL_ENABLE_DEBUG_INFO = NO;
				SDKROOT = iphoneos;
				VALIDATE_PRODUCT = YES;
			};
			name = Release;
		};
		F39266061DE7D3B50064B8B2 /* Debug */ = {
			isa = XCBuildConfiguration;
			baseConfigurationReference = 055EC4880ADF29C4374462CA /* Pods-LoveLove.debug.xcconfig */;
			buildSettings = {
				ASSETCATALOG_COMPILER_APPICON_NAME = AppIcon;
				ASSETCATALOG_COMPILER_LAUNCHIMAGE_NAME = LaunchImage;
				CODE_SIGN_IDENTITY = "iPhone Developer";
				"CODE_SIGN_IDENTITY[sdk=iphoneos*]" = "iPhone Developer";
				DEVELOPMENT_TEAM = KK59AKUJZC;
				GCC_PREFIX_HEADER = "$(SRCROOT)/$(PROJECT_NAME)/PrefixHeader.pch";
				INFOPLIST_FILE = LoveLove/Info.plist;
				IPHONEOS_DEPLOYMENT_TARGET = 9.0;
				LD_RUNPATH_SEARCH_PATHS = "$(inherited) @executable_path/Frameworks";
				PRODUCT_BUNDLE_IDENTIFIER = com.qianmo.LoveLove;
				PRODUCT_NAME = "$(TARGET_NAME)";
			};
			name = Debug;
		};
		F39266071DE7D3B50064B8B2 /* Release */ = {
			isa = XCBuildConfiguration;
			baseConfigurationReference = 128058612E0513219931AC9C /* Pods-LoveLove.release.xcconfig */;
			buildSettings = {
				ASSETCATALOG_COMPILER_APPICON_NAME = AppIcon;
				ASSETCATALOG_COMPILER_LAUNCHIMAGE_NAME = LaunchImage;
				CODE_SIGN_IDENTITY = "iPhone Developer";
				"CODE_SIGN_IDENTITY[sdk=iphoneos*]" = "iPhone Developer";
				DEVELOPMENT_TEAM = KK59AKUJZC;
				GCC_PREFIX_HEADER = "$(SRCROOT)/$(PROJECT_NAME)/PrefixHeader.pch";
				INFOPLIST_FILE = LoveLove/Info.plist;
				IPHONEOS_DEPLOYMENT_TARGET = 9.0;
				LD_RUNPATH_SEARCH_PATHS = "$(inherited) @executable_path/Frameworks";
				PRODUCT_BUNDLE_IDENTIFIER = com.qianmo.LoveLove;
				PRODUCT_NAME = "$(TARGET_NAME)";
			};
			name = Release;
		};
/* End XCBuildConfiguration section */

/* Begin XCConfigurationList section */
		F39265E91DE7D3B50064B8B2 /* Build configuration list for PBXProject "LoveLove" */ = {
			isa = XCConfigurationList;
			buildConfigurations = (
				F39266031DE7D3B50064B8B2 /* Debug */,
				F39266041DE7D3B50064B8B2 /* Release */,
			);
			defaultConfigurationIsVisible = 0;
			defaultConfigurationName = Release;
		};
		F39266051DE7D3B50064B8B2 /* Build configuration list for PBXNativeTarget "LoveLove" */ = {
			isa = XCConfigurationList;
			buildConfigurations = (
				F39266061DE7D3B50064B8B2 /* Debug */,
				F39266071DE7D3B50064B8B2 /* Release */,
			);
			defaultConfigurationIsVisible = 0;
			defaultConfigurationName = Release;
		};
/* End XCConfigurationList section */
	};
	rootObject = F39265E61DE7D3B50064B8B2 /* Project object */;
}
